// !$*UTF8*$!
{
	archiveVersion = 1;
	classes = {
	};
	objectVersion = 51;
	objects = {

/* Begin PBXBuildFile section */
		07C7691625E540CE00086949 /* AppDelegate.swift in Sources */ = {isa = PBXBuildFile; fileRef = 07C7691525E540CE00086949 /* AppDelegate.swift */; };
		07C7691825E540CE00086949 /* SceneDelegate.swift in Sources */ = {isa = PBXBuildFile; fileRef = 07C7691725E540CE00086949 /* SceneDelegate.swift */; };
		07C7691A25E540CE00086949 /* LoginViewController.swift in Sources */ = {isa = PBXBuildFile; fileRef = 07C7691925E540CE00086949 /* LoginViewController.swift */; };
		07C7691D25E540CE00086949 /* Main.storyboard in Resources */ = {isa = PBXBuildFile; fileRef = 07C7691B25E540CE00086949 /* Main.storyboard */; };
		07C7691F25E540D200086949 /* Assets.xcassets in Resources */ = {isa = PBXBuildFile; fileRef = 07C7691E25E540D200086949 /* Assets.xcassets */; };
		07C7692225E540D200086949 /* LaunchScreen.storyboard in Resources */ = {isa = PBXBuildFile; fileRef = 07C7692025E540D200086949 /* LaunchScreen.storyboard */; };
		07C7692D25E540D300086949 /* Login_KickStarterTests.swift in Sources */ = {isa = PBXBuildFile; fileRef = 07C7692C25E540D300086949 /* Login_KickStarterTests.swift */; };
		07C7693825E540D300086949 /* Login_KickStarterUITests.swift in Sources */ = {isa = PBXBuildFile; fileRef = 07C7693725E540D300086949 /* Login_KickStarterUITests.swift */; };
		07C7694925E542F000086949 /* LoginViewModel.swift in Sources */ = {isa = PBXBuildFile; fileRef = 07C7694825E542F000086949 /* LoginViewModel.swift */; };
		07C769CA25E54FC800086949 /* AccessTokenEnvelope.swift in Sources */ = {isa = PBXBuildFile; fileRef = 07C769C925E54FC800086949 /* AccessTokenEnvelope.swift */; };
		07F1257325E5DA7500534D56 /* SwitchMap.swift in Sources */ = {isa = PBXBuildFile; fileRef = 07F1255A25E5DA7300534D56 /* SwitchMap.swift */; };
		07F1257425E5DA7500534D56 /* KsrDebounce.swift in Sources */ = {isa = PBXBuildFile; fileRef = 07F1255B25E5DA7400534D56 /* KsrDebounce.swift */; };
		07F1257525E5DA7500534D56 /* WithLatestFrom.swift in Sources */ = {isa = PBXBuildFile; fileRef = 07F1255C25E5DA7400534D56 /* WithLatestFrom.swift */; };
		07F1257625E5DA7500534D56 /* IgnoreValues.swift in Sources */ = {isa = PBXBuildFile; fileRef = 07F1255D25E5DA7400534D56 /* IgnoreValues.swift */; };
		07F1257725E5DA7500534D56 /* Sort.swift in Sources */ = {isa = PBXBuildFile; fileRef = 07F1255E25E5DA7400534D56 /* Sort.swift */; };
		07F1257825E5DA7500534D56 /* AllValues.swift in Sources */ = {isa = PBXBuildFile; fileRef = 07F1255F25E5DA7400534D56 /* AllValues.swift */; };
		07F1257925E5DA7500534D56 /* MergeMap.swift in Sources */ = {isa = PBXBuildFile; fileRef = 07F1256025E5DA7400534D56 /* MergeMap.swift */; };
		07F1257A25E5DA7500534D56 /* TakeWhen.swift in Sources */ = {isa = PBXBuildFile; fileRef = 07F1256125E5DA7400534D56 /* TakeWhen.swift */; };
		07F1257B25E5DA7500534D56 /* Concat.swift in Sources */ = {isa = PBXBuildFile; fileRef = 07F1256225E5DA7400534D56 /* Concat.swift */; };
		07F1257C25E5DA7500534D56 /* ConcatMap.swift in Sources */ = {isa = PBXBuildFile; fileRef = 07F1256325E5DA7400534D56 /* ConcatMap.swift */; };
		07F1257D25E5DA7500534D56 /* ObserveForUI.swift in Sources */ = {isa = PBXBuildFile; fileRef = 07F1256425E5DA7400534D56 /* ObserveForUI.swift */; };
		07F1257E25E5DA7500534D56 /* DemoteErrors.swift in Sources */ = {isa = PBXBuildFile; fileRef = 07F1256525E5DA7400534D56 /* DemoteErrors.swift */; };
		07F1257F25E5DA7500534D56 /* Enumerated.swift in Sources */ = {isa = PBXBuildFile; fileRef = 07F1256625E5DA7400534D56 /* Enumerated.swift */; };
		07F1258025E5DA7500534D56 /* TakeUntil.swift in Sources */ = {isa = PBXBuildFile; fileRef = 07F1256725E5DA7400534D56 /* TakeUntil.swift */; };
		07F1258125E5DA7500534D56 /* FilterWhenLatestFrom.swift in Sources */ = {isa = PBXBuildFile; fileRef = 07F1256825E5DA7400534D56 /* FilterWhenLatestFrom.swift */; };
		07F1258225E5DA7500534D56 /* MergeWith.swift in Sources */ = {isa = PBXBuildFile; fileRef = 07F1256925E5DA7400534D56 /* MergeWith.swift */; };
		07F1258325E5DA7500534D56 /* Errors.swift in Sources */ = {isa = PBXBuildFile; fileRef = 07F1256A25E5DA7400534D56 /* Errors.swift */; };
		07F1258425E5DA7500534D56 /* Uncollect.swift in Sources */ = {isa = PBXBuildFile; fileRef = 07F1256B25E5DA7400534D56 /* Uncollect.swift */; };
		07F1258525E5DA7500534D56 /* KsrDelay.swift in Sources */ = {isa = PBXBuildFile; fileRef = 07F1256C25E5DA7400534D56 /* KsrDelay.swift */; };
		07F1258625E5DA7500534D56 /* SlidingWindow.swift in Sources */ = {isa = PBXBuildFile; fileRef = 07F1256D25E5DA7400534D56 /* SlidingWindow.swift */; };
		07F1258725E5DA7500534D56 /* WrapInOptional.swift in Sources */ = {isa = PBXBuildFile; fileRef = 07F1256E25E5DA7400534D56 /* WrapInOptional.swift */; };
		07F1258825E5DA7500534D56 /* MapConst.swift in Sources */ = {isa = PBXBuildFile; fileRef = 07F1256F25E5DA7400534D56 /* MapConst.swift */; };
		07F1258925E5DA7500534D56 /* Values.swift in Sources */ = {isa = PBXBuildFile; fileRef = 07F1257025E5DA7400534D56 /* Values.swift */; };
		07F1258A25E5DA7500534D56 /* FlatMap.swift in Sources */ = {isa = PBXBuildFile; fileRef = 07F1257125E5DA7400534D56 /* FlatMap.swift */; };
		07F1258B25E5DA7500534D56 /* Scan.swift in Sources */ = {isa = PBXBuildFile; fileRef = 07F1257225E5DA7500534D56 /* Scan.swift */; };
		07F1259925E5DAD800534D56 /* DispatchTimeInterval-Extensions.swift in Sources */ = {isa = PBXBuildFile; fileRef = 07F1259625E5DAD800534D56 /* DispatchTimeInterval-Extensions.swift */; };
		07F1259A25E5DAD800534D56 /* LazyAssociatedProperty.swift in Sources */ = {isa = PBXBuildFile; fileRef = 07F1259725E5DAD800534D56 /* LazyAssociatedProperty.swift */; };
		07F1259B25E5DAD800534D56 /* LazyMutableProperty.swift in Sources */ = {isa = PBXBuildFile; fileRef = 07F1259825E5DAD800534D56 /* LazyMutableProperty.swift */; };
		07F125A025E5DBA600534D56 /* IsValidEmail.swift in Sources */ = {isa = PBXBuildFile; fileRef = 07F1259F25E5DBA600534D56 /* IsValidEmail.swift */; };
		07F125A525E5DBFD00534D56 /* AppEnvironment.swift in Sources */ = {isa = PBXBuildFile; fileRef = 07F125A325E5DBFD00534D56 /* AppEnvironment.swift */; };
		07F125A625E5DBFD00534D56 /* AppEnvironmentType.swift in Sources */ = {isa = PBXBuildFile; fileRef = 07F125A425E5DBFD00534D56 /* AppEnvironmentType.swift */; };
		07F125B025E5DC5D00534D56 /* Notifications.swift in Sources */ = {isa = PBXBuildFile; fileRef = 07F125AF25E5DC5D00534D56 /* Notifications.swift */; };
		07F125CE25E5DE6600534D56 /* UIView.swift in Sources */ = {isa = PBXBuildFile; fileRef = 07F125BD25E5DE6600534D56 /* UIView.swift */; };
		07F125CF25E5DE6600534D56 /* NSLayoutConstraint.swift in Sources */ = {isa = PBXBuildFile; fileRef = 07F125BE25E5DE6600534D56 /* NSLayoutConstraint.swift */; };
		07F125D025E5DE6600534D56 /* UIActivityIndicator.swift in Sources */ = {isa = PBXBuildFile; fileRef = 07F125BF25E5DE6600534D56 /* UIActivityIndicator.swift */; };
		07F125D125E5DE6600534D56 /* UIStepper.swift in Sources */ = {isa = PBXBuildFile; fileRef = 07F125C025E5DE6600534D56 /* UIStepper.swift */; };
		07F125D225E5DE6600534D56 /* UIStackView.swift in Sources */ = {isa = PBXBuildFile; fileRef = 07F125C125E5DE6600534D56 /* UIStackView.swift */; };
		07F125D325E5DE6600534D56 /* UIBarButtonItem.swift in Sources */ = {isa = PBXBuildFile; fileRef = 07F125C225E5DE6600534D56 /* UIBarButtonItem.swift */; };
		07F125D425E5DE6600534D56 /* Rac.swift in Sources */ = {isa = PBXBuildFile; fileRef = 07F125C325E5DE6600534D56 /* Rac.swift */; };
		07F125D525E5DE6600534D56 /* UINavigationItem.swift in Sources */ = {isa = PBXBuildFile; fileRef = 07F125C425E5DE6600534D56 /* UINavigationItem.swift */; };
		07F125D625E5DE6600534D56 /* NSObject.swift in Sources */ = {isa = PBXBuildFile; fileRef = 07F125C525E5DE6600534D56 /* NSObject.swift */; };
		07F125D725E5DE6600534D56 /* UIRefreshControl.swift in Sources */ = {isa = PBXBuildFile; fileRef = 07F125C625E5DE6600534D56 /* UIRefreshControl.swift */; };
		07F125D825E5DE6600534D56 /* UITextField.swift in Sources */ = {isa = PBXBuildFile; fileRef = 07F125C725E5DE6600534D56 /* UITextField.swift */; };
		07F125D925E5DE6600534D56 /* UIResponder.swift in Sources */ = {isa = PBXBuildFile; fileRef = 07F125C825E5DE6600534D56 /* UIResponder.swift */; };
		07F125DA25E5DE6600534D56 /* UIButton.swift in Sources */ = {isa = PBXBuildFile; fileRef = 07F125C925E5DE6600534D56 /* UIButton.swift */; };
		07F125DB25E5DE6600534D56 /* UISwitch.swift in Sources */ = {isa = PBXBuildFile; fileRef = 07F125CA25E5DE6600534D56 /* UISwitch.swift */; };
		07F125DC25E5DE6600534D56 /* UILabel.swift in Sources */ = {isa = PBXBuildFile; fileRef = 07F125CB25E5DE6600534D56 /* UILabel.swift */; };
		07F125DD25E5DE6600534D56 /* UITextView.swift in Sources */ = {isa = PBXBuildFile; fileRef = 07F125CC25E5DE6600534D56 /* UITextView.swift */; };
		07F125DE25E5DE6600534D56 /* UIControl.swift in Sources */ = {isa = PBXBuildFile; fileRef = 07F125CD25E5DE6600534D56 /* UIControl.swift */; };
		B385EB910F6B27D0326771C5 /* Pods_Login_KickStarterTests.framework in Frameworks */ = {isa = PBXBuildFile; fileRef = 5772B53B5A5E03EE1569A7C8 /* Pods_Login_KickStarterTests.framework */; };
		DDA951A460B3B32A8AAECCD9 /* Pods_Login_KickStarter_Login_KickStarterUITests.framework in Frameworks */ = {isa = PBXBuildFile; fileRef = 9C6C1F89BEAC38DA2CA26820 /* Pods_Login_KickStarter_Login_KickStarterUITests.framework */; };
		F6627E811FE9718E0453FC55 /* Pods_Login_KickStarter.framework in Frameworks */ = {isa = PBXBuildFile; fileRef = 92DEF817C97DCA6DB2AAA4AA /* Pods_Login_KickStarter.framework */; };
/* End PBXBuildFile section */

/* Begin PBXContainerItemProxy section */
		07C7692925E540D300086949 /* PBXContainerItemProxy */ = {
			isa = PBXContainerItemProxy;
			containerPortal = 07C7690A25E540CE00086949 /* Project object */;
			proxyType = 1;
			remoteGlobalIDString = 07C7691125E540CE00086949;
			remoteInfo = "Login-KickStarter";
		};
		07C7693425E540D300086949 /* PBXContainerItemProxy */ = {
			isa = PBXContainerItemProxy;
			containerPortal = 07C7690A25E540CE00086949 /* Project object */;
			proxyType = 1;
			remoteGlobalIDString = 07C7691125E540CE00086949;
			remoteInfo = "Login-KickStarter";
		};
/* End PBXContainerItemProxy section */

/* Begin PBXFileReference section */
		04B93B192A78FC2A2067DFB8 /* Pods-Login-KickStarter-Login-KickStarterUITests.debug.xcconfig */ = {isa = PBXFileReference; includeInIndex = 1; lastKnownFileType = text.xcconfig; name = "Pods-Login-KickStarter-Login-KickStarterUITests.debug.xcconfig"; path = "Target Support Files/Pods-Login-KickStarter-Login-KickStarterUITests/Pods-Login-KickStarter-Login-KickStarterUITests.debug.xcconfig"; sourceTree = "<group>"; };
		07C7691225E540CE00086949 /* Login-KickStarter.app */ = {isa = PBXFileReference; explicitFileType = wrapper.application; includeInIndex = 0; path = "Login-KickStarter.app"; sourceTree = BUILT_PRODUCTS_DIR; };
		07C7691525E540CE00086949 /* AppDelegate.swift */ = {isa = PBXFileReference; lastKnownFileType = sourcecode.swift; path = AppDelegate.swift; sourceTree = "<group>"; };
		07C7691725E540CE00086949 /* SceneDelegate.swift */ = {isa = PBXFileReference; lastKnownFileType = sourcecode.swift; path = SceneDelegate.swift; sourceTree = "<group>"; };
		07C7691925E540CE00086949 /* LoginViewController.swift */ = {isa = PBXFileReference; lastKnownFileType = sourcecode.swift; path = LoginViewController.swift; sourceTree = "<group>"; };
		07C7691C25E540CE00086949 /* Base */ = {isa = PBXFileReference; lastKnownFileType = file.storyboard; name = Base; path = Base.lproj/Main.storyboard; sourceTree = "<group>"; };
		07C7691E25E540D200086949 /* Assets.xcassets */ = {isa = PBXFileReference; lastKnownFileType = folder.assetcatalog; path = Assets.xcassets; sourceTree = "<group>"; };
		07C7692125E540D200086949 /* Base */ = {isa = PBXFileReference; lastKnownFileType = file.storyboard; name = Base; path = Base.lproj/LaunchScreen.storyboard; sourceTree = "<group>"; };
		07C7692325E540D200086949 /* Info.plist */ = {isa = PBXFileReference; lastKnownFileType = text.plist.xml; path = Info.plist; sourceTree = "<group>"; };
		07C7692825E540D300086949 /* Login-KickStarterTests.xctest */ = {isa = PBXFileReference; explicitFileType = wrapper.cfbundle; includeInIndex = 0; path = "Login-KickStarterTests.xctest"; sourceTree = BUILT_PRODUCTS_DIR; };
		07C7692C25E540D300086949 /* Login_KickStarterTests.swift */ = {isa = PBXFileReference; lastKnownFileType = sourcecode.swift; path = Login_KickStarterTests.swift; sourceTree = "<group>"; };
		07C7692E25E540D300086949 /* Info.plist */ = {isa = PBXFileReference; lastKnownFileType = text.plist.xml; path = Info.plist; sourceTree = "<group>"; };
		07C7693325E540D300086949 /* Login-KickStarterUITests.xctest */ = {isa = PBXFileReference; explicitFileType = wrapper.cfbundle; includeInIndex = 0; path = "Login-KickStarterUITests.xctest"; sourceTree = BUILT_PRODUCTS_DIR; };
		07C7693725E540D300086949 /* Login_KickStarterUITests.swift */ = {isa = PBXFileReference; lastKnownFileType = sourcecode.swift; path = Login_KickStarterUITests.swift; sourceTree = "<group>"; };
		07C7693925E540D300086949 /* Info.plist */ = {isa = PBXFileReference; lastKnownFileType = text.plist.xml; path = Info.plist; sourceTree = "<group>"; };
		07C7694825E542F000086949 /* LoginViewModel.swift */ = {isa = PBXFileReference; lastKnownFileType = sourcecode.swift; path = LoginViewModel.swift; sourceTree = "<group>"; };
		07C7697525E5494100086949 /* Prelude_UIKit.framework */ = {isa = PBXFileReference; lastKnownFileType = wrapper.framework; name = Prelude_UIKit.framework; path = Carthage/Build/iOS/Prelude_UIKit.framework; sourceTree = "<group>"; };
		07C7697E25E5495000086949 /* Prelude.framework */ = {isa = PBXFileReference; lastKnownFileType = wrapper.framework; name = Prelude.framework; path = Carthage/Build/iOS/Prelude.framework; sourceTree = "<group>"; };
		07C7698725E54B1600086949 /* Prelude.framework */ = {isa = PBXFileReference; lastKnownFileType = wrapper.framework; name = Prelude.framework; path = "../../../../../Downloads/ios-oss-master/Carthage/Build/iOS/Prelude.framework"; sourceTree = "<group>"; };
		07C7698D25E54B1C00086949 /* ReactiveExtensions.framework */ = {isa = PBXFileReference; lastKnownFileType = wrapper.framework; name = ReactiveExtensions.framework; path = "../../../../../Downloads/ios-oss-master/Carthage/Build/iOS/ReactiveExtensions.framework"; sourceTree = "<group>"; };
		07C7699225E54B2000086949 /* ReactiveSwift.framework */ = {isa = PBXFileReference; lastKnownFileType = wrapper.framework; name = ReactiveSwift.framework; path = "../../../../../Downloads/ios-oss-master/Carthage/Build/iOS/ReactiveSwift.framework"; sourceTree = "<group>"; };
		07C769B025E54E2700086949 /* ReactiveSwift.framework */ = {isa = PBXFileReference; lastKnownFileType = wrapper.framework; name = ReactiveSwift.framework; path = Carthage/Build/iOS/ReactiveSwift.framework; sourceTree = "<group>"; };
		07C769C925E54FC800086949 /* AccessTokenEnvelope.swift */ = {isa = PBXFileReference; lastKnownFileType = sourcecode.swift; path = AccessTokenEnvelope.swift; sourceTree = "<group>"; };
		07C76D4825E56F2600086949 /* RXCocoaCollections.framework */ = {isa = PBXFileReference; explicitFileType = wrapper.framework; path = RXCocoaCollections.framework; sourceTree = BUILT_PRODUCTS_DIR; };
		07F1255A25E5DA7300534D56 /* SwitchMap.swift */ = {isa = PBXFileReference; fileEncoding = 4; lastKnownFileType = sourcecode.swift; path = SwitchMap.swift; sourceTree = "<group>"; };
		07F1255B25E5DA7400534D56 /* KsrDebounce.swift */ = {isa = PBXFileReference; fileEncoding = 4; lastKnownFileType = sourcecode.swift; path = KsrDebounce.swift; sourceTree = "<group>"; };
		07F1255C25E5DA7400534D56 /* WithLatestFrom.swift */ = {isa = PBXFileReference; fileEncoding = 4; lastKnownFileType = sourcecode.swift; path = WithLatestFrom.swift; sourceTree = "<group>"; };
		07F1255D25E5DA7400534D56 /* IgnoreValues.swift */ = {isa = PBXFileReference; fileEncoding = 4; lastKnownFileType = sourcecode.swift; path = IgnoreValues.swift; sourceTree = "<group>"; };
		07F1255E25E5DA7400534D56 /* Sort.swift */ = {isa = PBXFileReference; fileEncoding = 4; lastKnownFileType = sourcecode.swift; path = Sort.swift; sourceTree = "<group>"; };
		07F1255F25E5DA7400534D56 /* AllValues.swift */ = {isa = PBXFileReference; fileEncoding = 4; lastKnownFileType = sourcecode.swift; path = AllValues.swift; sourceTree = "<group>"; };
		07F1256025E5DA7400534D56 /* MergeMap.swift */ = {isa = PBXFileReference; fileEncoding = 4; lastKnownFileType = sourcecode.swift; path = MergeMap.swift; sourceTree = "<group>"; };
		07F1256125E5DA7400534D56 /* TakeWhen.swift */ = {isa = PBXFileReference; fileEncoding = 4; lastKnownFileType = sourcecode.swift; path = TakeWhen.swift; sourceTree = "<group>"; };
		07F1256225E5DA7400534D56 /* Concat.swift */ = {isa = PBXFileReference; fileEncoding = 4; lastKnownFileType = sourcecode.swift; path = Concat.swift; sourceTree = "<group>"; };
		07F1256325E5DA7400534D56 /* ConcatMap.swift */ = {isa = PBXFileReference; fileEncoding = 4; lastKnownFileType = sourcecode.swift; path = ConcatMap.swift; sourceTree = "<group>"; };
		07F1256425E5DA7400534D56 /* ObserveForUI.swift */ = {isa = PBXFileReference; fileEncoding = 4; lastKnownFileType = sourcecode.swift; path = ObserveForUI.swift; sourceTree = "<group>"; };
		07F1256525E5DA7400534D56 /* DemoteErrors.swift */ = {isa = PBXFileReference; fileEncoding = 4; lastKnownFileType = sourcecode.swift; path = DemoteErrors.swift; sourceTree = "<group>"; };
		07F1256625E5DA7400534D56 /* Enumerated.swift */ = {isa = PBXFileReference; fileEncoding = 4; lastKnownFileType = sourcecode.swift; path = Enumerated.swift; sourceTree = "<group>"; };
		07F1256725E5DA7400534D56 /* TakeUntil.swift */ = {isa = PBXFileReference; fileEncoding = 4; lastKnownFileType = sourcecode.swift; path = TakeUntil.swift; sourceTree = "<group>"; };
		07F1256825E5DA7400534D56 /* FilterWhenLatestFrom.swift */ = {isa = PBXFileReference; fileEncoding = 4; lastKnownFileType = sourcecode.swift; path = FilterWhenLatestFrom.swift; sourceTree = "<group>"; };
		07F1256925E5DA7400534D56 /* MergeWith.swift */ = {isa = PBXFileReference; fileEncoding = 4; lastKnownFileType = sourcecode.swift; path = MergeWith.swift; sourceTree = "<group>"; };
		07F1256A25E5DA7400534D56 /* Errors.swift */ = {isa = PBXFileReference; fileEncoding = 4; lastKnownFileType = sourcecode.swift; path = Errors.swift; sourceTree = "<group>"; };
		07F1256B25E5DA7400534D56 /* Uncollect.swift */ = {isa = PBXFileReference; fileEncoding = 4; lastKnownFileType = sourcecode.swift; path = Uncollect.swift; sourceTree = "<group>"; };
		07F1256C25E5DA7400534D56 /* KsrDelay.swift */ = {isa = PBXFileReference; fileEncoding = 4; lastKnownFileType = sourcecode.swift; path = KsrDelay.swift; sourceTree = "<group>"; };
		07F1256D25E5DA7400534D56 /* SlidingWindow.swift */ = {isa = PBXFileReference; fileEncoding = 4; lastKnownFileType = sourcecode.swift; path = SlidingWindow.swift; sourceTree = "<group>"; };
		07F1256E25E5DA7400534D56 /* WrapInOptional.swift */ = {isa = PBXFileReference; fileEncoding = 4; lastKnownFileType = sourcecode.swift; path = WrapInOptional.swift; sourceTree = "<group>"; };
		07F1256F25E5DA7400534D56 /* MapConst.swift */ = {isa = PBXFileReference; fileEncoding = 4; lastKnownFileType = sourcecode.swift; path = MapConst.swift; sourceTree = "<group>"; };
		07F1257025E5DA7400534D56 /* Values.swift */ = {isa = PBXFileReference; fileEncoding = 4; lastKnownFileType = sourcecode.swift; path = Values.swift; sourceTree = "<group>"; };
		07F1257125E5DA7400534D56 /* FlatMap.swift */ = {isa = PBXFileReference; fileEncoding = 4; lastKnownFileType = sourcecode.swift; path = FlatMap.swift; sourceTree = "<group>"; };
		07F1257225E5DA7500534D56 /* Scan.swift */ = {isa = PBXFileReference; fileEncoding = 4; lastKnownFileType = sourcecode.swift; path = Scan.swift; sourceTree = "<group>"; };
		07F1259625E5DAD800534D56 /* DispatchTimeInterval-Extensions.swift */ = {isa = PBXFileReference; fileEncoding = 4; lastKnownFileType = sourcecode.swift; path = "DispatchTimeInterval-Extensions.swift"; sourceTree = "<group>"; };
		07F1259725E5DAD800534D56 /* LazyAssociatedProperty.swift */ = {isa = PBXFileReference; fileEncoding = 4; lastKnownFileType = sourcecode.swift; path = LazyAssociatedProperty.swift; sourceTree = "<group>"; };
		07F1259825E5DAD800534D56 /* LazyMutableProperty.swift */ = {isa = PBXFileReference; fileEncoding = 4; lastKnownFileType = sourcecode.swift; path = LazyMutableProperty.swift; sourceTree = "<group>"; };
		07F1259F25E5DBA600534D56 /* IsValidEmail.swift */ = {isa = PBXFileReference; fileEncoding = 4; lastKnownFileType = sourcecode.swift; path = IsValidEmail.swift; sourceTree = "<group>"; };
		07F125A325E5DBFD00534D56 /* AppEnvironment.swift */ = {isa = PBXFileReference; fileEncoding = 4; lastKnownFileType = sourcecode.swift; path = AppEnvironment.swift; sourceTree = "<group>"; };
		07F125A425E5DBFD00534D56 /* AppEnvironmentType.swift */ = {isa = PBXFileReference; fileEncoding = 4; lastKnownFileType = sourcecode.swift; path = AppEnvironmentType.swift; sourceTree = "<group>"; };
		07F125AF25E5DC5D00534D56 /* Notifications.swift */ = {isa = PBXFileReference; fileEncoding = 4; lastKnownFileType = sourcecode.swift; path = Notifications.swift; sourceTree = "<group>"; };
		07F125BD25E5DE6600534D56 /* UIView.swift */ = {isa = PBXFileReference; fileEncoding = 4; lastKnownFileType = sourcecode.swift; path = UIView.swift; sourceTree = "<group>"; };
		07F125BE25E5DE6600534D56 /* NSLayoutConstraint.swift */ = {isa = PBXFileReference; fileEncoding = 4; lastKnownFileType = sourcecode.swift; path = NSLayoutConstraint.swift; sourceTree = "<group>"; };
		07F125BF25E5DE6600534D56 /* UIActivityIndicator.swift */ = {isa = PBXFileReference; fileEncoding = 4; lastKnownFileType = sourcecode.swift; path = UIActivityIndicator.swift; sourceTree = "<group>"; };
		07F125C025E5DE6600534D56 /* UIStepper.swift */ = {isa = PBXFileReference; fileEncoding = 4; lastKnownFileType = sourcecode.swift; path = UIStepper.swift; sourceTree = "<group>"; };
		07F125C125E5DE6600534D56 /* UIStackView.swift */ = {isa = PBXFileReference; fileEncoding = 4; lastKnownFileType = sourcecode.swift; path = UIStackView.swift; sourceTree = "<group>"; };
		07F125C225E5DE6600534D56 /* UIBarButtonItem.swift */ = {isa = PBXFileReference; fileEncoding = 4; lastKnownFileType = sourcecode.swift; path = UIBarButtonItem.swift; sourceTree = "<group>"; };
		07F125C325E5DE6600534D56 /* Rac.swift */ = {isa = PBXFileReference; fileEncoding = 4; lastKnownFileType = sourcecode.swift; path = Rac.swift; sourceTree = "<group>"; };
		07F125C425E5DE6600534D56 /* UINavigationItem.swift */ = {isa = PBXFileReference; fileEncoding = 4; lastKnownFileType = sourcecode.swift; path = UINavigationItem.swift; sourceTree = "<group>"; };
		07F125C525E5DE6600534D56 /* NSObject.swift */ = {isa = PBXFileReference; fileEncoding = 4; lastKnownFileType = sourcecode.swift; path = NSObject.swift; sourceTree = "<group>"; };
		07F125C625E5DE6600534D56 /* UIRefreshControl.swift */ = {isa = PBXFileReference; fileEncoding = 4; lastKnownFileType = sourcecode.swift; path = UIRefreshControl.swift; sourceTree = "<group>"; };
		07F125C725E5DE6600534D56 /* UITextField.swift */ = {isa = PBXFileReference; fileEncoding = 4; lastKnownFileType = sourcecode.swift; path = UITextField.swift; sourceTree = "<group>"; };
		07F125C825E5DE6600534D56 /* UIResponder.swift */ = {isa = PBXFileReference; fileEncoding = 4; lastKnownFileType = sourcecode.swift; path = UIResponder.swift; sourceTree = "<group>"; };
		07F125C925E5DE6600534D56 /* UIButton.swift */ = {isa = PBXFileReference; fileEncoding = 4; lastKnownFileType = sourcecode.swift; path = UIButton.swift; sourceTree = "<group>"; };
		07F125CA25E5DE6600534D56 /* UISwitch.swift */ = {isa = PBXFileReference; fileEncoding = 4; lastKnownFileType = sourcecode.swift; path = UISwitch.swift; sourceTree = "<group>"; };
		07F125CB25E5DE6600534D56 /* UILabel.swift */ = {isa = PBXFileReference; fileEncoding = 4; lastKnownFileType = sourcecode.swift; path = UILabel.swift; sourceTree = "<group>"; };
		07F125CC25E5DE6600534D56 /* UITextView.swift */ = {isa = PBXFileReference; fileEncoding = 4; lastKnownFileType = sourcecode.swift; path = UITextView.swift; sourceTree = "<group>"; };
		07F125CD25E5DE6600534D56 /* UIControl.swift */ = {isa = PBXFileReference; fileEncoding = 4; lastKnownFileType = sourcecode.swift; path = UIControl.swift; sourceTree = "<group>"; };
		3B17BC32E5C07C5435B9D05A /* Pods-Login-KickStarterTests.release.xcconfig */ = {isa = PBXFileReference; includeInIndex = 1; lastKnownFileType = text.xcconfig; name = "Pods-Login-KickStarterTests.release.xcconfig"; path = "Target Support Files/Pods-Login-KickStarterTests/Pods-Login-KickStarterTests.release.xcconfig"; sourceTree = "<group>"; };
		4EA0B551E99A7610B2E426FA /* Pods-Login-KickStarter-Login-KickStarterUITests.release.xcconfig */ = {isa = PBXFileReference; includeInIndex = 1; lastKnownFileType = text.xcconfig; name = "Pods-Login-KickStarter-Login-KickStarterUITests.release.xcconfig"; path = "Target Support Files/Pods-Login-KickStarter-Login-KickStarterUITests/Pods-Login-KickStarter-Login-KickStarterUITests.release.xcconfig"; sourceTree = "<group>"; };
		5772B53B5A5E03EE1569A7C8 /* Pods_Login_KickStarterTests.framework */ = {isa = PBXFileReference; explicitFileType = wrapper.framework; includeInIndex = 0; path = Pods_Login_KickStarterTests.framework; sourceTree = BUILT_PRODUCTS_DIR; };
		89E6905EED8DA564811C3EDE /* Pods-Login-KickStarter.debug.xcconfig */ = {isa = PBXFileReference; includeInIndex = 1; lastKnownFileType = text.xcconfig; name = "Pods-Login-KickStarter.debug.xcconfig"; path = "Target Support Files/Pods-Login-KickStarter/Pods-Login-KickStarter.debug.xcconfig"; sourceTree = "<group>"; };
		92DEF817C97DCA6DB2AAA4AA /* Pods_Login_KickStarter.framework */ = {isa = PBXFileReference; explicitFileType = wrapper.framework; includeInIndex = 0; path = Pods_Login_KickStarter.framework; sourceTree = BUILT_PRODUCTS_DIR; };
		98B96AAE666027FC59AEC1AB /* Pods-Login-KickStarter.release.xcconfig */ = {isa = PBXFileReference; includeInIndex = 1; lastKnownFileType = text.xcconfig; name = "Pods-Login-KickStarter.release.xcconfig"; path = "Target Support Files/Pods-Login-KickStarter/Pods-Login-KickStarter.release.xcconfig"; sourceTree = "<group>"; };
		9C6C1F89BEAC38DA2CA26820 /* Pods_Login_KickStarter_Login_KickStarterUITests.framework */ = {isa = PBXFileReference; explicitFileType = wrapper.framework; includeInIndex = 0; path = Pods_Login_KickStarter_Login_KickStarterUITests.framework; sourceTree = BUILT_PRODUCTS_DIR; };
		B5CAB891906915813F133EEA /* Pods-Login-KickStarterTests.debug.xcconfig */ = {isa = PBXFileReference; includeInIndex = 1; lastKnownFileType = text.xcconfig; name = "Pods-Login-KickStarterTests.debug.xcconfig"; path = "Target Support Files/Pods-Login-KickStarterTests/Pods-Login-KickStarterTests.debug.xcconfig"; sourceTree = "<group>"; };
/* End PBXFileReference section */

/* Begin PBXFrameworksBuildPhase section */
		07C7690F25E540CE00086949 /* Frameworks */ = {
			isa = PBXFrameworksBuildPhase;
			buildActionMask = 2147483647;
			files = (
				F6627E811FE9718E0453FC55 /* Pods_Login_KickStarter.framework in Frameworks */,
			);
			runOnlyForDeploymentPostprocessing = 0;
		};
		07C7692525E540D300086949 /* Frameworks */ = {
			isa = PBXFrameworksBuildPhase;
			buildActionMask = 2147483647;
			files = (
				B385EB910F6B27D0326771C5 /* Pods_Login_KickStarterTests.framework in Frameworks */,
			);
			runOnlyForDeploymentPostprocessing = 0;
		};
		07C7693025E540D300086949 /* Frameworks */ = {
			isa = PBXFrameworksBuildPhase;
			buildActionMask = 2147483647;
			files = (
				DDA951A460B3B32A8AAECCD9 /* Pods_Login_KickStarter_Login_KickStarterUITests.framework in Frameworks */,
			);
			runOnlyForDeploymentPostprocessing = 0;
		};
/* End PBXFrameworksBuildPhase section */

/* Begin PBXGroup section */
		07C7690925E540CE00086949 = {
			isa = PBXGroup;
			children = (
				07C7691425E540CE00086949 /* Login-KickStarter */,
				07C7692B25E540D300086949 /* Login-KickStarterTests */,
				07C7693625E540D300086949 /* Login-KickStarterUITests */,
				07C7691325E540CE00086949 /* Products */,
				07C7697425E5494100086949 /* Frameworks */,
				7CCA4227059F2A50BCD808B4 /* Pods */,
			);
			sourceTree = "<group>";
		};
		07C7691325E540CE00086949 /* Products */ = {
			isa = PBXGroup;
			children = (
				07C7691225E540CE00086949 /* Login-KickStarter.app */,
				07C7692825E540D300086949 /* Login-KickStarterTests.xctest */,
				07C7693325E540D300086949 /* Login-KickStarterUITests.xctest */,
			);
			name = Products;
			sourceTree = "<group>";
		};
		07C7691425E540CE00086949 /* Login-KickStarter */ = {
			isa = PBXGroup;
			children = (
				07F1259E25E5DB8600534D56 /* Library */,
				07F1255925E5DA2000534D56 /* ReactiveSwift-Helpers */,
				07C7691525E540CE00086949 /* AppDelegate.swift */,
				07C7691725E540CE00086949 /* SceneDelegate.swift */,
				07C7691925E540CE00086949 /* LoginViewController.swift */,
				07C7694825E542F000086949 /* LoginViewModel.swift */,
				07C769C925E54FC800086949 /* AccessTokenEnvelope.swift */,
				07C7691B25E540CE00086949 /* Main.storyboard */,
				07C7691E25E540D200086949 /* Assets.xcassets */,
				07C7692025E540D200086949 /* LaunchScreen.storyboard */,
				07C7692325E540D200086949 /* Info.plist */,
			);
			path = "Login-KickStarter";
			sourceTree = "<group>";
		};
		07C7692B25E540D300086949 /* Login-KickStarterTests */ = {
			isa = PBXGroup;
			children = (
				07C7692C25E540D300086949 /* Login_KickStarterTests.swift */,
				07C7692E25E540D300086949 /* Info.plist */,
			);
			path = "Login-KickStarterTests";
			sourceTree = "<group>";
		};
		07C7693625E540D300086949 /* Login-KickStarterUITests */ = {
			isa = PBXGroup;
			children = (
				07C7693725E540D300086949 /* Login_KickStarterUITests.swift */,
				07C7693925E540D300086949 /* Info.plist */,
			);
			path = "Login-KickStarterUITests";
			sourceTree = "<group>";
		};
		07C7697425E5494100086949 /* Frameworks */ = {
			isa = PBXGroup;
			children = (
				07C76D4825E56F2600086949 /* RXCocoaCollections.framework */,
				07C7699225E54B2000086949 /* ReactiveSwift.framework */,
				07C769B025E54E2700086949 /* ReactiveSwift.framework */,
				07C7698D25E54B1C00086949 /* ReactiveExtensions.framework */,
				07C7697E25E5495000086949 /* Prelude.framework */,
				07C7698725E54B1600086949 /* Prelude.framework */,
				07C7697525E5494100086949 /* Prelude_UIKit.framework */,
				92DEF817C97DCA6DB2AAA4AA /* Pods_Login_KickStarter.framework */,
				9C6C1F89BEAC38DA2CA26820 /* Pods_Login_KickStarter_Login_KickStarterUITests.framework */,
				5772B53B5A5E03EE1569A7C8 /* Pods_Login_KickStarterTests.framework */,
			);
			name = Frameworks;
			sourceTree = "<group>";
		};
		07F1255925E5DA2000534D56 /* ReactiveSwift-Helpers */ = {
			isa = PBXGroup;
			children = (
				07F125BC25E5DE6600534D56 /* UIKit */,
				07F1259525E5DAB500534D56 /* Helpers */,
				07F1259425E5DA9F00534D56 /* Operators */,
			);
			path = "ReactiveSwift-Helpers";
			sourceTree = "<group>";
		};
		07F1259425E5DA9F00534D56 /* Operators */ = {
			isa = PBXGroup;
			children = (
				07F1255F25E5DA7400534D56 /* AllValues.swift */,
				07F1256225E5DA7400534D56 /* Concat.swift */,
				07F1256325E5DA7400534D56 /* ConcatMap.swift */,
				07F1256525E5DA7400534D56 /* DemoteErrors.swift */,
				07F1256625E5DA7400534D56 /* Enumerated.swift */,
				07F1256A25E5DA7400534D56 /* Errors.swift */,
				07F1256825E5DA7400534D56 /* FilterWhenLatestFrom.swift */,
				07F1257125E5DA7400534D56 /* FlatMap.swift */,
				07F1255D25E5DA7400534D56 /* IgnoreValues.swift */,
				07F1255B25E5DA7400534D56 /* KsrDebounce.swift */,
				07F1256C25E5DA7400534D56 /* KsrDelay.swift */,
				07F1256F25E5DA7400534D56 /* MapConst.swift */,
				07F1256025E5DA7400534D56 /* MergeMap.swift */,
				07F1256925E5DA7400534D56 /* MergeWith.swift */,
				07F1256425E5DA7400534D56 /* ObserveForUI.swift */,
				07F1257225E5DA7500534D56 /* Scan.swift */,
				07F1256D25E5DA7400534D56 /* SlidingWindow.swift */,
				07F1255E25E5DA7400534D56 /* Sort.swift */,
				07F1255A25E5DA7300534D56 /* SwitchMap.swift */,
				07F1256725E5DA7400534D56 /* TakeUntil.swift */,
				07F1256125E5DA7400534D56 /* TakeWhen.swift */,
				07F1256B25E5DA7400534D56 /* Uncollect.swift */,
				07F1257025E5DA7400534D56 /* Values.swift */,
				07F1255C25E5DA7400534D56 /* WithLatestFrom.swift */,
				07F1256E25E5DA7400534D56 /* WrapInOptional.swift */,
			);
			path = Operators;
			sourceTree = "<group>";
		};
		07F1259525E5DAB500534D56 /* Helpers */ = {
			isa = PBXGroup;
			children = (
				07F1259625E5DAD800534D56 /* DispatchTimeInterval-Extensions.swift */,
				07F1259725E5DAD800534D56 /* LazyAssociatedProperty.swift */,
				07F1259825E5DAD800534D56 /* LazyMutableProperty.swift */,
			);
			path = Helpers;
			sourceTree = "<group>";
		};
		07F1259E25E5DB8600534D56 /* Library */ = {
			isa = PBXGroup;
			children = (
				07F1259F25E5DBA600534D56 /* IsValidEmail.swift */,
				07F125A325E5DBFD00534D56 /* AppEnvironment.swift */,
				07F125A425E5DBFD00534D56 /* AppEnvironmentType.swift */,
				07F125AF25E5DC5D00534D56 /* Notifications.swift */,
			);
			path = Library;
			sourceTree = "<group>";
		};
		07F125BC25E5DE6600534D56 /* UIKit */ = {
			isa = PBXGroup;
			children = (
				07F125BD25E5DE6600534D56 /* UIView.swift */,
				07F125BE25E5DE6600534D56 /* NSLayoutConstraint.swift */,
				07F125BF25E5DE6600534D56 /* UIActivityIndicator.swift */,
				07F125C025E5DE6600534D56 /* UIStepper.swift */,
				07F125C125E5DE6600534D56 /* UIStackView.swift */,
				07F125C225E5DE6600534D56 /* UIBarButtonItem.swift */,
				07F125C325E5DE6600534D56 /* Rac.swift */,
				07F125C425E5DE6600534D56 /* UINavigationItem.swift */,
				07F125C525E5DE6600534D56 /* NSObject.swift */,
				07F125C625E5DE6600534D56 /* UIRefreshControl.swift */,
				07F125C725E5DE6600534D56 /* UITextField.swift */,
				07F125C825E5DE6600534D56 /* UIResponder.swift */,
				07F125C925E5DE6600534D56 /* UIButton.swift */,
				07F125CA25E5DE6600534D56 /* UISwitch.swift */,
				07F125CB25E5DE6600534D56 /* UILabel.swift */,
				07F125CC25E5DE6600534D56 /* UITextView.swift */,
				07F125CD25E5DE6600534D56 /* UIControl.swift */,
			);
			path = UIKit;
			sourceTree = "<group>";
		};
		7CCA4227059F2A50BCD808B4 /* Pods */ = {
			isa = PBXGroup;
			children = (
				89E6905EED8DA564811C3EDE /* Pods-Login-KickStarter.debug.xcconfig */,
				98B96AAE666027FC59AEC1AB /* Pods-Login-KickStarter.release.xcconfig */,
				04B93B192A78FC2A2067DFB8 /* Pods-Login-KickStarter-Login-KickStarterUITests.debug.xcconfig */,
				4EA0B551E99A7610B2E426FA /* Pods-Login-KickStarter-Login-KickStarterUITests.release.xcconfig */,
				B5CAB891906915813F133EEA /* Pods-Login-KickStarterTests.debug.xcconfig */,
				3B17BC32E5C07C5435B9D05A /* Pods-Login-KickStarterTests.release.xcconfig */,
			);
			path = Pods;
			sourceTree = "<group>";
		};
/* End PBXGroup section */

/* Begin PBXNativeTarget section */
		07C7691125E540CE00086949 /* Login-KickStarter */ = {
			isa = PBXNativeTarget;
			buildConfigurationList = 07C7693C25E540D300086949 /* Build configuration list for PBXNativeTarget "Login-KickStarter" */;
			buildPhases = (
				B5024C34865C53FBADE7C6E1 /* [CP] Check Pods Manifest.lock */,
				07C7690E25E540CE00086949 /* Sources */,
				07C7690F25E540CE00086949 /* Frameworks */,
				07C7691025E540CE00086949 /* Resources */,
				7E9611A428338BF61CB291F8 /* [CP] Embed Pods Frameworks */,
			);
			buildRules = (
			);
			dependencies = (
			);
			name = "Login-KickStarter";
			productName = "Login-KickStarter";
			productReference = 07C7691225E540CE00086949 /* Login-KickStarter.app */;
			productType = "com.apple.product-type.application";
		};
		07C7692725E540D300086949 /* Login-KickStarterTests */ = {
			isa = PBXNativeTarget;
			buildConfigurationList = 07C7693F25E540D300086949 /* Build configuration list for PBXNativeTarget "Login-KickStarterTests" */;
			buildPhases = (
				C2DE490ED485DA5D34BC0286 /* [CP] Check Pods Manifest.lock */,
				07C7692425E540D300086949 /* Sources */,
				07C7692525E540D300086949 /* Frameworks */,
				07C7692625E540D300086949 /* Resources */,
			);
			buildRules = (
			);
			dependencies = (
				07C7692A25E540D300086949 /* PBXTargetDependency */,
			);
			name = "Login-KickStarterTests";
			productName = "Login-KickStarterTests";
			productReference = 07C7692825E540D300086949 /* Login-KickStarterTests.xctest */;
			productType = "com.apple.product-type.bundle.unit-test";
		};
		07C7693225E540D300086949 /* Login-KickStarterUITests */ = {
			isa = PBXNativeTarget;
			buildConfigurationList = 07C7694225E540D300086949 /* Build configuration list for PBXNativeTarget "Login-KickStarterUITests" */;
			buildPhases = (
				D2BE6DA669811891F8D34AA7 /* [CP] Check Pods Manifest.lock */,
				07C7692F25E540D300086949 /* Sources */,
				07C7693025E540D300086949 /* Frameworks */,
				07C7693125E540D300086949 /* Resources */,
				F471F39BE0B8051D9B7CA2ED /* [CP] Embed Pods Frameworks */,
			);
			buildRules = (
			);
			dependencies = (
				07C7693525E540D300086949 /* PBXTargetDependency */,
			);
			name = "Login-KickStarterUITests";
			productName = "Login-KickStarterUITests";
			productReference = 07C7693325E540D300086949 /* Login-KickStarterUITests.xctest */;
			productType = "com.apple.product-type.bundle.ui-testing";
		};
/* End PBXNativeTarget section */

/* Begin PBXProject section */
		07C7690A25E540CE00086949 /* Project object */ = {
			isa = PBXProject;
			attributes = {
				LastSwiftUpdateCheck = 1240;
				LastUpgradeCheck = 1240;
				TargetAttributes = {
					07C7691125E540CE00086949 = {
						CreatedOnToolsVersion = 12.4;
					};
					07C7692725E540D300086949 = {
						CreatedOnToolsVersion = 12.4;
						TestTargetID = 07C7691125E540CE00086949;
					};
					07C7693225E540D300086949 = {
						CreatedOnToolsVersion = 12.4;
						TestTargetID = 07C7691125E540CE00086949;
					};
				};
			};
			buildConfigurationList = 07C7690D25E540CE00086949 /* Build configuration list for PBXProject "Login-KickStarter" */;
			compatibilityVersion = "Xcode 9.3";
			developmentRegion = en;
			hasScannedForEncodings = 0;
			knownRegions = (
				en,
				Base,
			);
			mainGroup = 07C7690925E540CE00086949;
			productRefGroup = 07C7691325E540CE00086949 /* Products */;
			projectDirPath = "";
			projectRoot = "";
			targets = (
				07C7691125E540CE00086949 /* Login-KickStarter */,
				07C7692725E540D300086949 /* Login-KickStarterTests */,
				07C7693225E540D300086949 /* Login-KickStarterUITests */,
			);
		};
/* End PBXProject section */

/* Begin PBXResourcesBuildPhase section */
		07C7691025E540CE00086949 /* Resources */ = {
			isa = PBXResourcesBuildPhase;
			buildActionMask = 2147483647;
			files = (
				07C7692225E540D200086949 /* LaunchScreen.storyboard in Resources */,
				07C7691F25E540D200086949 /* Assets.xcassets in Resources */,
				07C7691D25E540CE00086949 /* Main.storyboard in Resources */,
			);
			runOnlyForDeploymentPostprocessing = 0;
		};
		07C7692625E540D300086949 /* Resources */ = {
			isa = PBXResourcesBuildPhase;
			buildActionMask = 2147483647;
			files = (
			);
			runOnlyForDeploymentPostprocessing = 0;
		};
		07C7693125E540D300086949 /* Resources */ = {
			isa = PBXResourcesBuildPhase;
			buildActionMask = 2147483647;
			files = (
			);
			runOnlyForDeploymentPostprocessing = 0;
		};
/* End PBXResourcesBuildPhase section */

/* Begin PBXShellScriptBuildPhase section */
		7E9611A428338BF61CB291F8 /* [CP] Embed Pods Frameworks */ = {
			isa = PBXShellScriptBuildPhase;
			buildActionMask = 2147483647;
			files = (
			);
			inputFileListPaths = (
				"${PODS_ROOT}/Target Support Files/Pods-Login-KickStarter/Pods-Login-KickStarter-frameworks-${CONFIGURATION}-input-files.xcfilelist",
			);
			name = "[CP] Embed Pods Frameworks";
			outputFileListPaths = (
				"${PODS_ROOT}/Target Support Files/Pods-Login-KickStarter/Pods-Login-KickStarter-frameworks-${CONFIGURATION}-output-files.xcfilelist",
			);
			runOnlyForDeploymentPostprocessing = 0;
			shellPath = /bin/sh;
			shellScript = "\"${PODS_ROOT}/Target Support Files/Pods-Login-KickStarter/Pods-Login-KickStarter-frameworks.sh\"\n";
			showEnvVarsInLog = 0;
		};
		B5024C34865C53FBADE7C6E1 /* [CP] Check Pods Manifest.lock */ = {
			isa = PBXShellScriptBuildPhase;
			buildActionMask = 2147483647;
			files = (
			);
			inputFileListPaths = (
			);
			inputPaths = (
				"${PODS_PODFILE_DIR_PATH}/Podfile.lock",
				"${PODS_ROOT}/Manifest.lock",
			);
			name = "[CP] Check Pods Manifest.lock";
			outputFileListPaths = (
			);
			outputPaths = (
				"$(DERIVED_FILE_DIR)/Pods-Login-KickStarter-checkManifestLockResult.txt",
			);
			runOnlyForDeploymentPostprocessing = 0;
			shellPath = /bin/sh;
			shellScript = "diff \"${PODS_PODFILE_DIR_PATH}/Podfile.lock\" \"${PODS_ROOT}/Manifest.lock\" > /dev/null\nif [ $? != 0 ] ; then\n    # print error to STDERR\n    echo \"error: The sandbox is not in sync with the Podfile.lock. Run 'pod install' or update your CocoaPods installation.\" >&2\n    exit 1\nfi\n# This output is used by Xcode 'outputs' to avoid re-running this script phase.\necho \"SUCCESS\" > \"${SCRIPT_OUTPUT_FILE_0}\"\n";
			showEnvVarsInLog = 0;
		};
		C2DE490ED485DA5D34BC0286 /* [CP] Check Pods Manifest.lock */ = {
			isa = PBXShellScriptBuildPhase;
			buildActionMask = 2147483647;
			files = (
			);
			inputFileListPaths = (
			);
			inputPaths = (
				"${PODS_PODFILE_DIR_PATH}/Podfile.lock",
				"${PODS_ROOT}/Manifest.lock",
			);
			name = "[CP] Check Pods Manifest.lock";
			outputFileListPaths = (
			);
			outputPaths = (
				"$(DERIVED_FILE_DIR)/Pods-Login-KickStarterTests-checkManifestLockResult.txt",
			);
			runOnlyForDeploymentPostprocessing = 0;
			shellPath = /bin/sh;
			shellScript = "diff \"${PODS_PODFILE_DIR_PATH}/Podfile.lock\" \"${PODS_ROOT}/Manifest.lock\" > /dev/null\nif [ $? != 0 ] ; then\n    # print error to STDERR\n    echo \"error: The sandbox is not in sync with the Podfile.lock. Run 'pod install' or update your CocoaPods installation.\" >&2\n    exit 1\nfi\n# This output is used by Xcode 'outputs' to avoid re-running this script phase.\necho \"SUCCESS\" > \"${SCRIPT_OUTPUT_FILE_0}\"\n";
			showEnvVarsInLog = 0;
		};
		D2BE6DA669811891F8D34AA7 /* [CP] Check Pods Manifest.lock */ = {
			isa = PBXShellScriptBuildPhase;
			buildActionMask = 2147483647;
			files = (
			);
			inputFileListPaths = (
			);
			inputPaths = (
				"${PODS_PODFILE_DIR_PATH}/Podfile.lock",
				"${PODS_ROOT}/Manifest.lock",
			);
			name = "[CP] Check Pods Manifest.lock";
			outputFileListPaths = (
			);
			outputPaths = (
				"$(DERIVED_FILE_DIR)/Pods-Login-KickStarter-Login-KickStarterUITests-checkManifestLockResult.txt",
			);
			runOnlyForDeploymentPostprocessing = 0;
			shellPath = /bin/sh;
			shellScript = "diff \"${PODS_PODFILE_DIR_PATH}/Podfile.lock\" \"${PODS_ROOT}/Manifest.lock\" > /dev/null\nif [ $? != 0 ] ; then\n    # print error to STDERR\n    echo \"error: The sandbox is not in sync with the Podfile.lock. Run 'pod install' or update your CocoaPods installation.\" >&2\n    exit 1\nfi\n# This output is used by Xcode 'outputs' to avoid re-running this script phase.\necho \"SUCCESS\" > \"${SCRIPT_OUTPUT_FILE_0}\"\n";
			showEnvVarsInLog = 0;
		};
		F471F39BE0B8051D9B7CA2ED /* [CP] Embed Pods Frameworks */ = {
			isa = PBXShellScriptBuildPhase;
			buildActionMask = 2147483647;
			files = (
			);
			inputFileListPaths = (
				"${PODS_ROOT}/Target Support Files/Pods-Login-KickStarter-Login-KickStarterUITests/Pods-Login-KickStarter-Login-KickStarterUITests-frameworks-${CONFIGURATION}-input-files.xcfilelist",
			);
			name = "[CP] Embed Pods Frameworks";
			outputFileListPaths = (
				"${PODS_ROOT}/Target Support Files/Pods-Login-KickStarter-Login-KickStarterUITests/Pods-Login-KickStarter-Login-KickStarterUITests-frameworks-${CONFIGURATION}-output-files.xcfilelist",
			);
			runOnlyForDeploymentPostprocessing = 0;
			shellPath = /bin/sh;
			shellScript = "\"${PODS_ROOT}/Target Support Files/Pods-Login-KickStarter-Login-KickStarterUITests/Pods-Login-KickStarter-Login-KickStarterUITests-frameworks.sh\"\n";
			showEnvVarsInLog = 0;
		};
/* End PBXShellScriptBuildPhase section */

/* Begin PBXSourcesBuildPhase section */
		07C7690E25E540CE00086949 /* Sources */ = {
			isa = PBXSourcesBuildPhase;
			buildActionMask = 2147483647;
			files = (
				07F125DB25E5DE6600534D56 /* UISwitch.swift in Sources */,
				07F125A525E5DBFD00534D56 /* AppEnvironment.swift in Sources */,
				07C7694925E542F000086949 /* LoginViewModel.swift in Sources */,
				07F1257F25E5DA7500534D56 /* Enumerated.swift in Sources */,
				07F1257B25E5DA7500534D56 /* Concat.swift in Sources */,
				07F125D925E5DE6600534D56 /* UIResponder.swift in Sources */,
				07F125DA25E5DE6600534D56 /* UIButton.swift in Sources */,
				07F1257625E5DA7500534D56 /* IgnoreValues.swift in Sources */,
				07F125B025E5DC5D00534D56 /* Notifications.swift in Sources */,
				07F1258725E5DA7500534D56 /* WrapInOptional.swift in Sources */,
				07F125D325E5DE6600534D56 /* UIBarButtonItem.swift in Sources */,
				07F1257E25E5DA7500534D56 /* DemoteErrors.swift in Sources */,
				07F1259B25E5DAD800534D56 /* LazyMutableProperty.swift in Sources */,
				07C7691A25E540CE00086949 /* LoginViewController.swift in Sources */,
				07F125DC25E5DE6600534D56 /* UILabel.swift in Sources */,
				07F125DD25E5DE6600534D56 /* UITextView.swift in Sources */,
				07F1258925E5DA7500534D56 /* Values.swift in Sources */,
				07F125DE25E5DE6600534D56 /* UIControl.swift in Sources */,
				07F1257825E5DA7500534D56 /* AllValues.swift in Sources */,
				07F125D025E5DE6600534D56 /* UIActivityIndicator.swift in Sources */,
				07F1257725E5DA7500534D56 /* Sort.swift in Sources */,
				07F125A025E5DBA600534D56 /* IsValidEmail.swift in Sources */,
				07F1258525E5DA7500534D56 /* KsrDelay.swift in Sources */,
				07C769CA25E54FC800086949 /* AccessTokenEnvelope.swift in Sources */,
				07F125CF25E5DE6600534D56 /* NSLayoutConstraint.swift in Sources */,
				07C7691625E540CE00086949 /* AppDelegate.swift in Sources */,
				07F1257D25E5DA7500534D56 /* ObserveForUI.swift in Sources */,
				07F1257925E5DA7500534D56 /* MergeMap.swift in Sources */,
				07F1258A25E5DA7500534D56 /* FlatMap.swift in Sources */,
				07F125D625E5DE6600534D56 /* NSObject.swift in Sources */,
				07F1258025E5DA7500534D56 /* TakeUntil.swift in Sources */,
				07F1258825E5DA7500534D56 /* MapConst.swift in Sources */,
				07F1257525E5DA7500534D56 /* WithLatestFrom.swift in Sources */,
				07F1258125E5DA7500534D56 /* FilterWhenLatestFrom.swift in Sources */,
				07F1258425E5DA7500534D56 /* Uncollect.swift in Sources */,
				07F1257A25E5DA7500534D56 /* TakeWhen.swift in Sources */,
				07F125D725E5DE6600534D56 /* UIRefreshControl.swift in Sources */,
				07F1257C25E5DA7500534D56 /* ConcatMap.swift in Sources */,
				07F125D525E5DE6600534D56 /* UINavigationItem.swift in Sources */,
				07F125D125E5DE6600534D56 /* UIStepper.swift in Sources */,
				07F1257425E5DA7500534D56 /* KsrDebounce.swift in Sources */,
				07F125D825E5DE6600534D56 /* UITextField.swift in Sources */,
				07F1258625E5DA7500534D56 /* SlidingWindow.swift in Sources */,
				07F1258325E5DA7500534D56 /* Errors.swift in Sources */,
				07F1258B25E5DA7500534D56 /* Scan.swift in Sources */,
				07F1258225E5DA7500534D56 /* MergeWith.swift in Sources */,
				07F125CE25E5DE6600534D56 /* UIView.swift in Sources */,
				07F1259A25E5DAD800534D56 /* LazyAssociatedProperty.swift in Sources */,
				07F125D225E5DE6600534D56 /* UIStackView.swift in Sources */,
				07F1257325E5DA7500534D56 /* SwitchMap.swift in Sources */,
				07F1259925E5DAD800534D56 /* DispatchTimeInterval-Extensions.swift in Sources */,
				07C7691825E540CE00086949 /* SceneDelegate.swift in Sources */,
				07F125D425E5DE6600534D56 /* Rac.swift in Sources */,
				07F125A625E5DBFD00534D56 /* AppEnvironmentType.swift in Sources */,
			);
			runOnlyForDeploymentPostprocessing = 0;
		};
		07C7692425E540D300086949 /* Sources */ = {
			isa = PBXSourcesBuildPhase;
			buildActionMask = 2147483647;
			files = (
				07C7692D25E540D300086949 /* Login_KickStarterTests.swift in Sources */,
			);
			runOnlyForDeploymentPostprocessing = 0;
		};
		07C7692F25E540D300086949 /* Sources */ = {
			isa = PBXSourcesBuildPhase;
			buildActionMask = 2147483647;
			files = (
				07C7693825E540D300086949 /* Login_KickStarterUITests.swift in Sources */,
			);
			runOnlyForDeploymentPostprocessing = 0;
		};
/* End PBXSourcesBuildPhase section */

/* Begin PBXTargetDependency section */
		07C7692A25E540D300086949 /* PBXTargetDependency */ = {
			isa = PBXTargetDependency;
			target = 07C7691125E540CE00086949 /* Login-KickStarter */;
			targetProxy = 07C7692925E540D300086949 /* PBXContainerItemProxy */;
		};
		07C7693525E540D300086949 /* PBXTargetDependency */ = {
			isa = PBXTargetDependency;
			target = 07C7691125E540CE00086949 /* Login-KickStarter */;
			targetProxy = 07C7693425E540D300086949 /* PBXContainerItemProxy */;
		};
/* End PBXTargetDependency section */

/* Begin PBXVariantGroup section */
		07C7691B25E540CE00086949 /* Main.storyboard */ = {
			isa = PBXVariantGroup;
			children = (
				07C7691C25E540CE00086949 /* Base */,
			);
			name = Main.storyboard;
			sourceTree = "<group>";
		};
		07C7692025E540D200086949 /* LaunchScreen.storyboard */ = {
			isa = PBXVariantGroup;
			children = (
				07C7692125E540D200086949 /* Base */,
			);
			name = LaunchScreen.storyboard;
			sourceTree = "<group>";
		};
/* End PBXVariantGroup section */

/* Begin XCBuildConfiguration section */
		07C7693A25E540D300086949 /* Debug */ = {
			isa = XCBuildConfiguration;
			buildSettings = {
				ALWAYS_SEARCH_USER_PATHS = NO;
				CLANG_ANALYZER_NONNULL = YES;
				CLANG_ANALYZER_NUMBER_OBJECT_CONVERSION = YES_AGGRESSIVE;
				CLANG_CXX_LANGUAGE_STANDARD = "gnu++14";
				CLANG_CXX_LIBRARY = "libc++";
				CLANG_ENABLE_MODULES = YES;
				CLANG_ENABLE_OBJC_ARC = YES;
				CLANG_ENABLE_OBJC_WEAK = YES;
				CLANG_WARN_BLOCK_CAPTURE_AUTORELEASING = YES;
				CLANG_WARN_BOOL_CONVERSION = YES;
				CLANG_WARN_COMMA = YES;
				CLANG_WARN_CONSTANT_CONVERSION = YES;
				CLANG_WARN_DEPRECATED_OBJC_IMPLEMENTATIONS = YES;
				CLANG_WARN_DIRECT_OBJC_ISA_USAGE = YES_ERROR;
				CLANG_WARN_DOCUMENTATION_COMMENTS = YES;
				CLANG_WARN_EMPTY_BODY = YES;
				CLANG_WARN_ENUM_CONVERSION = YES;
				CLANG_WARN_INFINITE_RECURSION = YES;
				CLANG_WARN_INT_CONVERSION = YES;
				CLANG_WARN_NON_LITERAL_NULL_CONVERSION = YES;
				CLANG_WARN_OBJC_IMPLICIT_RETAIN_SELF = YES;
				CLANG_WARN_OBJC_LITERAL_CONVERSION = YES;
				CLANG_WARN_OBJC_ROOT_CLASS = YES_ERROR;
				CLANG_WARN_QUOTED_INCLUDE_IN_FRAMEWORK_HEADER = YES;
				CLANG_WARN_RANGE_LOOP_ANALYSIS = YES;
				CLANG_WARN_STRICT_PROTOTYPES = YES;
				CLANG_WARN_SUSPICIOUS_MOVE = YES;
				CLANG_WARN_UNGUARDED_AVAILABILITY = YES_AGGRESSIVE;
				CLANG_WARN_UNREACHABLE_CODE = YES;
				CLANG_WARN__DUPLICATE_METHOD_MATCH = YES;
				COPY_PHASE_STRIP = NO;
				DEBUG_INFORMATION_FORMAT = dwarf;
				ENABLE_STRICT_OBJC_MSGSEND = YES;
				ENABLE_TESTABILITY = YES;
				GCC_C_LANGUAGE_STANDARD = gnu11;
				GCC_DYNAMIC_NO_PIC = NO;
				GCC_NO_COMMON_BLOCKS = YES;
				GCC_OPTIMIZATION_LEVEL = 0;
				GCC_PREPROCESSOR_DEFINITIONS = (
					"DEBUG=1",
					"$(inherited)",
				);
				GCC_WARN_64_TO_32_BIT_CONVERSION = YES;
				GCC_WARN_ABOUT_RETURN_TYPE = YES_ERROR;
				GCC_WARN_UNDECLARED_SELECTOR = YES;
				GCC_WARN_UNINITIALIZED_AUTOS = YES_AGGRESSIVE;
				GCC_WARN_UNUSED_FUNCTION = YES;
				GCC_WARN_UNUSED_VARIABLE = YES;
				IPHONEOS_DEPLOYMENT_TARGET = 14.4;
				MTL_ENABLE_DEBUG_INFO = INCLUDE_SOURCE;
				MTL_FAST_MATH = YES;
				ONLY_ACTIVE_ARCH = YES;
				SDKROOT = iphoneos;
				SWIFT_ACTIVE_COMPILATION_CONDITIONS = DEBUG;
				SWIFT_OPTIMIZATION_LEVEL = "-Onone";
			};
			name = Debug;
		};
		07C7693B25E540D300086949 /* Release */ = {
			isa = XCBuildConfiguration;
			buildSettings = {
				ALWAYS_SEARCH_USER_PATHS = NO;
				CLANG_ANALYZER_NONNULL = YES;
				CLANG_ANALYZER_NUMBER_OBJECT_CONVERSION = YES_AGGRESSIVE;
				CLANG_CXX_LANGUAGE_STANDARD = "gnu++14";
				CLANG_CXX_LIBRARY = "libc++";
				CLANG_ENABLE_MODULES = YES;
				CLANG_ENABLE_OBJC_ARC = YES;
				CLANG_ENABLE_OBJC_WEAK = YES;
				CLANG_WARN_BLOCK_CAPTURE_AUTORELEASING = YES;
				CLANG_WARN_BOOL_CONVERSION = YES;
				CLANG_WARN_COMMA = YES;
				CLANG_WARN_CONSTANT_CONVERSION = YES;
				CLANG_WARN_DEPRECATED_OBJC_IMPLEMENTATIONS = YES;
				CLANG_WARN_DIRECT_OBJC_ISA_USAGE = YES_ERROR;
				CLANG_WARN_DOCUMENTATION_COMMENTS = YES;
				CLANG_WARN_EMPTY_BODY = YES;
				CLANG_WARN_ENUM_CONVERSION = YES;
				CLANG_WARN_INFINITE_RECURSION = YES;
				CLANG_WARN_INT_CONVERSION = YES;
				CLANG_WARN_NON_LITERAL_NULL_CONVERSION = YES;
				CLANG_WARN_OBJC_IMPLICIT_RETAIN_SELF = YES;
				CLANG_WARN_OBJC_LITERAL_CONVERSION = YES;
				CLANG_WARN_OBJC_ROOT_CLASS = YES_ERROR;
				CLANG_WARN_QUOTED_INCLUDE_IN_FRAMEWORK_HEADER = YES;
				CLANG_WARN_RANGE_LOOP_ANALYSIS = YES;
				CLANG_WARN_STRICT_PROTOTYPES = YES;
				CLANG_WARN_SUSPICIOUS_MOVE = YES;
				CLANG_WARN_UNGUARDED_AVAILABILITY = YES_AGGRESSIVE;
				CLANG_WARN_UNREACHABLE_CODE = YES;
				CLANG_WARN__DUPLICATE_METHOD_MATCH = YES;
				COPY_PHASE_STRIP = NO;
				DEBUG_INFORMATION_FORMAT = "dwarf-with-dsym";
				ENABLE_NS_ASSERTIONS = NO;
				ENABLE_STRICT_OBJC_MSGSEND = YES;
				GCC_C_LANGUAGE_STANDARD = gnu11;
				GCC_NO_COMMON_BLOCKS = YES;
				GCC_WARN_64_TO_32_BIT_CONVERSION = YES;
				GCC_WARN_ABOUT_RETURN_TYPE = YES_ERROR;
				GCC_WARN_UNDECLARED_SELECTOR = YES;
				GCC_WARN_UNINITIALIZED_AUTOS = YES_AGGRESSIVE;
				GCC_WARN_UNUSED_FUNCTION = YES;
				GCC_WARN_UNUSED_VARIABLE = YES;
				IPHONEOS_DEPLOYMENT_TARGET = 14.4;
				MTL_ENABLE_DEBUG_INFO = NO;
				MTL_FAST_MATH = YES;
				SDKROOT = iphoneos;
				SWIFT_COMPILATION_MODE = wholemodule;
				SWIFT_OPTIMIZATION_LEVEL = "-O";
				VALIDATE_PRODUCT = YES;
			};
			name = Release;
		};
		07C7693D25E540D300086949 /* Debug */ = {
			isa = XCBuildConfiguration;
			baseConfigurationReference = 89E6905EED8DA564811C3EDE /* Pods-Login-KickStarter.debug.xcconfig */;
			buildSettings = {
				ASSETCATALOG_COMPILER_APPICON_NAME = AppIcon;
				ASSETCATALOG_COMPILER_GLOBAL_ACCENT_COLOR_NAME = AccentColor;
				CODE_SIGN_STYLE = Automatic;
				FRAMEWORK_SEARCH_PATHS = (
					"$(inherited)",
					"$(PROJECT_DIR)/Carthage/Build/iOS",
				);
				INFOPLIST_FILE = "Login-KickStarter/Info.plist";
				LD_RUNPATH_SEARCH_PATHS = (
					"$(inherited)",
					"@executable_path/Frameworks",
				);
				PRODUCT_BUNDLE_IDENTIFIER = "com.drawRect.Login-KickStarter";
				PRODUCT_NAME = "$(TARGET_NAME)";
				SWIFT_VERSION = 5.0;
				TARGETED_DEVICE_FAMILY = "1,2";
			};
			name = Debug;
		};
		07C7693E25E540D300086949 /* Release */ = {
			isa = XCBuildConfiguration;
			baseConfigurationReference = 98B96AAE666027FC59AEC1AB /* Pods-Login-KickStarter.release.xcconfig */;
			buildSettings = {
				ASSETCATALOG_COMPILER_APPICON_NAME = AppIcon;
				ASSETCATALOG_COMPILER_GLOBAL_ACCENT_COLOR_NAME = AccentColor;
				CODE_SIGN_STYLE = Automatic;
				FRAMEWORK_SEARCH_PATHS = (
					"$(inherited)",
					"$(PROJECT_DIR)/Carthage/Build/iOS",
				);
				INFOPLIST_FILE = "Login-KickStarter/Info.plist";
				LD_RUNPATH_SEARCH_PATHS = (
					"$(inherited)",
					"@executable_path/Frameworks",
				);
				PRODUCT_BUNDLE_IDENTIFIER = "com.drawRect.Login-KickStarter";
				PRODUCT_NAME = "$(TARGET_NAME)";
				SWIFT_VERSION = 5.0;
				TARGETED_DEVICE_FAMILY = "1,2";
			};
			name = Release;
		};
		07C7694025E540D300086949 /* Debug */ = {
			isa = XCBuildConfiguration;
			baseConfigurationReference = B5CAB891906915813F133EEA /* Pods-Login-KickStarterTests.debug.xcconfig */;
			buildSettings = {
				ALWAYS_EMBED_SWIFT_STANDARD_LIBRARIES = YES;
				BUNDLE_LOADER = "$(TEST_HOST)";
				CODE_SIGN_STYLE = Automatic;
				INFOPLIST_FILE = "Login-KickStarterTests/Info.plist";
				IPHONEOS_DEPLOYMENT_TARGET = 14.4;
				LD_RUNPATH_SEARCH_PATHS = (
					"$(inherited)",
					"@executable_path/Frameworks",
					"@loader_path/Frameworks",
				);
				PRODUCT_BUNDLE_IDENTIFIER = "com.drawRect.Login-KickStarterTests";
				PRODUCT_NAME = "$(TARGET_NAME)";
				SWIFT_VERSION = 5.0;
				TARGETED_DEVICE_FAMILY = "1,2";
				TEST_HOST = "$(BUILT_PRODUCTS_DIR)/Login-KickStarter.app/Login-KickStarter";
			};
			name = Debug;
		};
		07C7694125E540D300086949 /* Release */ = {
			isa = XCBuildConfiguration;
			baseConfigurationReference = 3B17BC32E5C07C5435B9D05A /* Pods-Login-KickStarterTests.release.xcconfig */;
			buildSettings = {
				ALWAYS_EMBED_SWIFT_STANDARD_LIBRARIES = YES;
				BUNDLE_LOADER = "$(TEST_HOST)";
				CODE_SIGN_STYLE = Automatic;
				INFOPLIST_FILE = "Login-KickStarterTests/Info.plist";
				IPHONEOS_DEPLOYMENT_TARGET = 14.4;
				LD_RUNPATH_SEARCH_PATHS = (
					"$(inherited)",
					"@executable_path/Frameworks",
					"@loader_path/Frameworks",
				);
				PRODUCT_BUNDLE_IDENTIFIER = "com.drawRect.Login-KickStarterTests";
				PRODUCT_NAME = "$(TARGET_NAME)";
				SWIFT_VERSION = 5.0;
				TARGETED_DEVICE_FAMILY = "1,2";
				TEST_HOST = "$(BUILT_PRODUCTS_DIR)/Login-KickStarter.app/Login-KickStarter";
			};
			name = Release;
		};
		07C7694325E540D300086949 /* Debug */ = {
			isa = XCBuildConfiguration;
			baseConfigurationReference = 04B93B192A78FC2A2067DFB8 /* Pods-Login-KickStarter-Login-KickStarterUITests.debug.xcconfig */;
			buildSettings = {
				ALWAYS_EMBED_SWIFT_STANDARD_LIBRARIES = YES;
				CODE_SIGN_STYLE = Automatic;
				INFOPLIST_FILE = "Login-KickStarterUITests/Info.plist";
				LD_RUNPATH_SEARCH_PATHS = (
					"$(inherited)",
					"@executable_path/Frameworks",
					"@loader_path/Frameworks",
				);
				PRODUCT_BUNDLE_IDENTIFIER = "com.drawRect.Login-KickStarterUITests";
				PRODUCT_NAME = "$(TARGET_NAME)";
				SWIFT_VERSION = 5.0;
				TARGETED_DEVICE_FAMILY = "1,2";
				TEST_TARGET_NAME = "Login-KickStarter";
			};
			name = Debug;
		};
		07C7694425E540D300086949 /* Release */ = {
			isa = XCBuildConfiguration;
			baseConfigurationReference = 4EA0B551E99A7610B2E426FA /* Pods-Login-KickStarter-Login-KickStarterUITests.release.xcconfig */;
			buildSettings = {
				ALWAYS_EMBED_SWIFT_STANDARD_LIBRARIES = YES;
				CODE_SIGN_STYLE = Automatic;
				INFOPLIST_FILE = "Login-KickStarterUITests/Info.plist";
				LD_RUNPATH_SEARCH_PATHS = (
					"$(inherited)",
					"@executable_path/Frameworks",
					"@loader_path/Frameworks",
				);
				PRODUCT_BUNDLE_IDENTIFIER = "com.drawRect.Login-KickStarterUITests";
				PRODUCT_NAME = "$(TARGET_NAME)";
				SWIFT_VERSION = 5.0;
				TARGETED_DEVICE_FAMILY = "1,2";
				TEST_TARGET_NAME = "Login-KickStarter";
			};
			name = Release;
		};
/* End XCBuildConfiguration section */

/* Begin XCConfigurationList section */
		07C7690D25E540CE00086949 /* Build configuration list for PBXProject "Login-KickStarter" */ = {
			isa = XCConfigurationList;
			buildConfigurations = (
				07C7693A25E540D300086949 /* Debug */,
				07C7693B25E540D300086949 /* Release */,
			);
			defaultConfigurationIsVisible = 0;
			defaultConfigurationName = Release;
		};
		07C7693C25E540D300086949 /* Build configuration list for PBXNativeTarget "Login-KickStarter" */ = {
			isa = XCConfigurationList;
			buildConfigurations = (
				07C7693D25E540D300086949 /* Debug */,
				07C7693E25E540D300086949 /* Release */,
			);
			defaultConfigurationIsVisible = 0;
			defaultConfigurationName = Release;
		};
		07C7693F25E540D300086949 /* Build configuration list for PBXNativeTarget "Login-KickStarterTests" */ = {
			isa = XCConfigurationList;
			buildConfigurations = (
				07C7694025E540D300086949 /* Debug */,
				07C7694125E540D300086949 /* Release */,
			);
			defaultConfigurationIsVisible = 0;
			defaultConfigurationName = Release;
		};
		07C7694225E540D300086949 /* Build configuration list for PBXNativeTarget "Login-KickStarterUITests" */ = {
			isa = XCConfigurationList;
			buildConfigurations = (
				07C7694325E540D300086949 /* Debug */,
				07C7694425E540D300086949 /* Release */,
			);
			defaultConfigurationIsVisible = 0;
			defaultConfigurationName = Release;
		};
/* End XCConfigurationList section */
	};
	rootObject = 07C7690A25E540CE00086949 /* Project object */;
}
