// !$*UTF8*$!
{
	archiveVersion = 1;
	classes = {
	};
	objectVersion = 55;
	objects = {

/* Begin PBXBuildFile section */
		6F4E0C7D270B1F970014D20F /* SwiftUI_2_0_NewFeaturesApp.swift in Sources */ = {isa = PBXBuildFile; fileRef = 6F4E0C7C270B1F970014D20F /* SwiftUI_2_0_NewFeaturesApp.swift */; };
		6F4E0C7F270B1F970014D20F /* ContentView.swift in Sources */ = {isa = PBXBuildFile; fileRef = 6F4E0C7E270B1F970014D20F /* ContentView.swift */; };
		6F4E0C81270B1F980014D20F /* Assets.xcassets in Resources */ = {isa = PBXBuildFile; fileRef = 6F4E0C80270B1F980014D20F /* Assets.xcassets */; };
		6F4E0C84270B1F980014D20F /* Preview Assets.xcassets in Resources */ = {isa = PBXBuildFile; fileRef = 6F4E0C83270B1F980014D20F /* Preview Assets.xcassets */; };
		6F4E0C8E270B1F980014D20F /* SwiftUI_2_0_NewFeaturesTests.swift in Sources */ = {isa = PBXBuildFile; fileRef = 6F4E0C8D270B1F980014D20F /* SwiftUI_2_0_NewFeaturesTests.swift */; };
		6F4E0C98270B1F980014D20F /* SwiftUI_2_0_NewFeaturesUITests.swift in Sources */ = {isa = PBXBuildFile; fileRef = 6F4E0C97270B1F980014D20F /* SwiftUI_2_0_NewFeaturesUITests.swift */; };
		6F4E0C9A270B1F990014D20F /* SwiftUI_2_0_NewFeaturesUITestsLaunchTests.swift in Sources */ = {isa = PBXBuildFile; fileRef = 6F4E0C99270B1F990014D20F /* SwiftUI_2_0_NewFeaturesUITestsLaunchTests.swift */; };
		6F4E0CA7270C1E2B0014D20F /* ContentView-2.swift in Sources */ = {isa = PBXBuildFile; fileRef = 6F4E0CA6270C1E2B0014D20F /* ContentView-2.swift */; };
		6F4E0CA9270C217A0014D20F /* PageViewController.swift in Sources */ = {isa = PBXBuildFile; fileRef = 6F4E0CA8270C217A0014D20F /* PageViewController.swift */; };
/* End PBXBuildFile section */

/* Begin PBXContainerItemProxy section */
		6F4E0C8A270B1F980014D20F /* PBXContainerItemProxy */ = {
			isa = PBXContainerItemProxy;
			containerPortal = 6F4E0C71270B1F970014D20F /* Project object */;
			proxyType = 1;
			remoteGlobalIDString = 6F4E0C78270B1F970014D20F;
			remoteInfo = "SwiftUI-2.0-NewFeatures";
		};
		6F4E0C94270B1F980014D20F /* PBXContainerItemProxy */ = {
			isa = PBXContainerItemProxy;
			containerPortal = 6F4E0C71270B1F970014D20F /* Project object */;
			proxyType = 1;
			remoteGlobalIDString = 6F4E0C78270B1F970014D20F;
			remoteInfo = "SwiftUI-2.0-NewFeatures";
		};
/* End PBXContainerItemProxy section */

/* Begin PBXFileReference section */
		6F4E0C79270B1F970014D20F /* SwiftUI-2.0-NewFeatures.app */ = {isa = PBXFileReference; explicitFileType = wrapper.application; includeInIndex = 0; path = "SwiftUI-2.0-NewFeatures.app"; sourceTree = BUILT_PRODUCTS_DIR; };
		6F4E0C7C270B1F970014D20F /* SwiftUI_2_0_NewFeaturesApp.swift */ = {isa = PBXFileReference; lastKnownFileType = sourcecode.swift; path = SwiftUI_2_0_NewFeaturesApp.swift; sourceTree = "<group>"; };
		6F4E0C7E270B1F970014D20F /* ContentView.swift */ = {isa = PBXFileReference; lastKnownFileType = sourcecode.swift; path = ContentView.swift; sourceTree = "<group>"; };
		6F4E0C80270B1F980014D20F /* Assets.xcassets */ = {isa = PBXFileReference; lastKnownFileType = folder.assetcatalog; path = Assets.xcassets; sourceTree = "<group>"; };
		6F4E0C83270B1F980014D20F /* Preview Assets.xcassets */ = {isa = PBXFileReference; lastKnownFileType = folder.assetcatalog; path = "Preview Assets.xcassets"; sourceTree = "<group>"; };
		6F4E0C89270B1F980014D20F /* SwiftUI-2.0-NewFeaturesTests.xctest */ = {isa = PBXFileReference; explicitFileType = wrapper.cfbundle; includeInIndex = 0; path = "SwiftUI-2.0-NewFeaturesTests.xctest"; sourceTree = BUILT_PRODUCTS_DIR; };
		6F4E0C8D270B1F980014D20F /* SwiftUI_2_0_NewFeaturesTests.swift */ = {isa = PBXFileReference; lastKnownFileType = sourcecode.swift; path = SwiftUI_2_0_NewFeaturesTests.swift; sourceTree = "<group>"; };
		6F4E0C93270B1F980014D20F /* SwiftUI-2.0-NewFeaturesUITests.xctest */ = {isa = PBXFileReference; explicitFileType = wrapper.cfbundle; includeInIndex = 0; path = "SwiftUI-2.0-NewFeaturesUITests.xctest"; sourceTree = BUILT_PRODUCTS_DIR; };
		6F4E0C97270B1F980014D20F /* SwiftUI_2_0_NewFeaturesUITests.swift */ = {isa = PBXFileReference; lastKnownFileType = sourcecode.swift; path = SwiftUI_2_0_NewFeaturesUITests.swift; sourceTree = "<group>"; };
		6F4E0C99270B1F990014D20F /* SwiftUI_2_0_NewFeaturesUITestsLaunchTests.swift */ = {isa = PBXFileReference; lastKnownFileType = sourcecode.swift; path = SwiftUI_2_0_NewFeaturesUITestsLaunchTests.swift; sourceTree = "<group>"; };
		6F4E0CA6270C1E2B0014D20F /* ContentView-2.swift */ = {isa = PBXFileReference; lastKnownFileType = sourcecode.swift; path = "ContentView-2.swift"; sourceTree = "<group>"; };
		6F4E0CA8270C217A0014D20F /* PageViewController.swift */ = {isa = PBXFileReference; lastKnownFileType = sourcecode.swift; path = PageViewController.swift; sourceTree = "<group>"; };
/* End PBXFileReference section */

/* Begin PBXFrameworksBuildPhase section */
		6F4E0C76270B1F970014D20F /* Frameworks */ = {
			isa = PBXFrameworksBuildPhase;
			buildActionMask = 2147483647;
			files = (
			);
			runOnlyForDeploymentPostprocessing = 0;
		};
		6F4E0C86270B1F980014D20F /* Frameworks */ = {
			isa = PBXFrameworksBuildPhase;
			buildActionMask = 2147483647;
			files = (
			);
			runOnlyForDeploymentPostprocessing = 0;
		};
		6F4E0C90270B1F980014D20F /* Frameworks */ = {
			isa = PBXFrameworksBuildPhase;
			buildActionMask = 2147483647;
			files = (
			);
			runOnlyForDeploymentPostprocessing = 0;
		};
/* End PBXFrameworksBuildPhase section */

/* Begin PBXGroup section */
		6F4E0C70270B1F970014D20F = {
			isa = PBXGroup;
			children = (
				6F4E0C7B270B1F970014D20F /* SwiftUI-2.0-NewFeatures */,
				6F4E0C8C270B1F980014D20F /* SwiftUI-2.0-NewFeaturesTests */,
				6F4E0C96270B1F980014D20F /* SwiftUI-2.0-NewFeaturesUITests */,
				6F4E0C7A270B1F970014D20F /* Products */,
			);
			sourceTree = "<group>";
		};
		6F4E0C7A270B1F970014D20F /* Products */ = {
			isa = PBXGroup;
			children = (
				6F4E0C79270B1F970014D20F /* SwiftUI-2.0-NewFeatures.app */,
				6F4E0C89270B1F980014D20F /* SwiftUI-2.0-NewFeaturesTests.xctest */,
				6F4E0C93270B1F980014D20F /* SwiftUI-2.0-NewFeaturesUITests.xctest */,
			);
			name = Products;
			sourceTree = "<group>";
		};
		6F4E0C7B270B1F970014D20F /* SwiftUI-2.0-NewFeatures */ = {
			isa = PBXGroup;
			children = (
				6F4E0C7C270B1F970014D20F /* SwiftUI_2_0_NewFeaturesApp.swift */,
				6F4E0C7E270B1F970014D20F /* ContentView.swift */,
				6F4E0CA6270C1E2B0014D20F /* ContentView-2.swift */,
				6F4E0CA8270C217A0014D20F /* PageViewController.swift */,
				6F4E0C80270B1F980014D20F /* Assets.xcassets */,
				6F4E0C82270B1F980014D20F /* Preview Content */,
			);
			path = "SwiftUI-2.0-NewFeatures";
			sourceTree = "<group>";
		};
		6F4E0C82270B1F980014D20F /* Preview Content */ = {
			isa = PBXGroup;
			children = (
				6F4E0C83270B1F980014D20F /* Preview Assets.xcassets */,
			);
			path = "Preview Content";
			sourceTree = "<group>";
		};
		6F4E0C8C270B1F980014D20F /* SwiftUI-2.0-NewFeaturesTests */ = {
			isa = PBXGroup;
			children = (
				6F4E0C8D270B1F980014D20F /* SwiftUI_2_0_NewFeaturesTests.swift */,
			);
			path = "SwiftUI-2.0-NewFeaturesTests";
			sourceTree = "<group>";
		};
		6F4E0C96270B1F980014D20F /* SwiftUI-2.0-NewFeaturesUITests */ = {
			isa = PBXGroup;
			children = (
				6F4E0C97270B1F980014D20F /* SwiftUI_2_0_NewFeaturesUITests.swift */,
				6F4E0C99270B1F990014D20F /* SwiftUI_2_0_NewFeaturesUITestsLaunchTests.swift */,
			);
			path = "SwiftUI-2.0-NewFeaturesUITests";
			sourceTree = "<group>";
		};
/* End PBXGroup section */

/* Begin PBXNativeTarget section */
		6F4E0C78270B1F970014D20F /* SwiftUI-2.0-NewFeatures */ = {
			isa = PBXNativeTarget;
			buildConfigurationList = 6F4E0C9D270B1F990014D20F /* Build configuration list for PBXNativeTarget "SwiftUI-2.0-NewFeatures" */;
			buildPhases = (
				6F4E0C75270B1F970014D20F /* Sources */,
				6F4E0C76270B1F970014D20F /* Frameworks */,
				6F4E0C77270B1F970014D20F /* Resources */,
			);
			buildRules = (
			);
			dependencies = (
			);
			name = "SwiftUI-2.0-NewFeatures";
			productName = "SwiftUI-2.0-NewFeatures";
			productReference = 6F4E0C79270B1F970014D20F /* SwiftUI-2.0-NewFeatures.app */;
			productType = "com.apple.product-type.application";
		};
		6F4E0C88270B1F980014D20F /* SwiftUI-2.0-NewFeaturesTests */ = {
			isa = PBXNativeTarget;
			buildConfigurationList = 6F4E0CA0270B1F990014D20F /* Build configuration list for PBXNativeTarget "SwiftUI-2.0-NewFeaturesTests" */;
			buildPhases = (
				6F4E0C85270B1F980014D20F /* Sources */,
				6F4E0C86270B1F980014D20F /* Frameworks */,
				6F4E0C87270B1F980014D20F /* Resources */,
			);
			buildRules = (
			);
			dependencies = (
				6F4E0C8B270B1F980014D20F /* PBXTargetDependency */,
			);
			name = "SwiftUI-2.0-NewFeaturesTests";
			productName = "SwiftUI-2.0-NewFeaturesTests";
			productReference = 6F4E0C89270B1F980014D20F /* SwiftUI-2.0-NewFeaturesTests.xctest */;
			productType = "com.apple.product-type.bundle.unit-test";
		};
		6F4E0C92270B1F980014D20F /* SwiftUI-2.0-NewFeaturesUITests */ = {
			isa = PBXNativeTarget;
			buildConfigurationList = 6F4E0CA3270B1F990014D20F /* Build configuration list for PBXNativeTarget "SwiftUI-2.0-NewFeaturesUITests" */;
			buildPhases = (
				6F4E0C8F270B1F980014D20F /* Sources */,
				6F4E0C90270B1F980014D20F /* Frameworks */,
				6F4E0C91270B1F980014D20F /* Resources */,
			);
			buildRules = (
			);
			dependencies = (
				6F4E0C95270B1F980014D20F /* PBXTargetDependency */,
			);
			name = "SwiftUI-2.0-NewFeaturesUITests";
			productName = "SwiftUI-2.0-NewFeaturesUITests";
			productReference = 6F4E0C93270B1F980014D20F /* SwiftUI-2.0-NewFeaturesUITests.xctest */;
			productType = "com.apple.product-type.bundle.ui-testing";
		};
/* End PBXNativeTarget section */

/* Begin PBXProject section */
		6F4E0C71270B1F970014D20F /* Project object */ = {
			isa = PBXProject;
			attributes = {
				BuildIndependentTargetsInParallel = 1;
				LastSwiftUpdateCheck = 1300;
				LastUpgradeCheck = 1300;
				TargetAttributes = {
					6F4E0C78270B1F970014D20F = {
						CreatedOnToolsVersion = 13.0;
					};
					6F4E0C88270B1F980014D20F = {
						CreatedOnToolsVersion = 13.0;
						TestTargetID = 6F4E0C78270B1F970014D20F;
					};
					6F4E0C92270B1F980014D20F = {
						CreatedOnToolsVersion = 13.0;
						TestTargetID = 6F4E0C78270B1F970014D20F;
					};
				};
			};
			buildConfigurationList = 6F4E0C74270B1F970014D20F /* Build configuration list for PBXProject "SwiftUI-2.0-NewFeatures" */;
			compatibilityVersion = "Xcode 13.0";
			developmentRegion = en;
			hasScannedForEncodings = 0;
			knownRegions = (
				en,
				Base,
			);
			mainGroup = 6F4E0C70270B1F970014D20F;
			productRefGroup = 6F4E0C7A270B1F970014D20F /* Products */;
			projectDirPath = "";
			projectRoot = "";
			targets = (
				6F4E0C78270B1F970014D20F /* SwiftUI-2.0-NewFeatures */,
				6F4E0C88270B1F980014D20F /* SwiftUI-2.0-NewFeaturesTests */,
				6F4E0C92270B1F980014D20F /* SwiftUI-2.0-NewFeaturesUITests */,
			);
		};
/* End PBXProject section */

/* Begin PBXResourcesBuildPhase section */
		6F4E0C77270B1F970014D20F /* Resources */ = {
			isa = PBXResourcesBuildPhase;
			buildActionMask = 2147483647;
			files = (
				6F4E0C84270B1F980014D20F /* Preview Assets.xcassets in Resources */,
				6F4E0C81270B1F980014D20F /* Assets.xcassets in Resources */,
			);
			runOnlyForDeploymentPostprocessing = 0;
		};
		6F4E0C87270B1F980014D20F /* Resources */ = {
			isa = PBXResourcesBuildPhase;
			buildActionMask = 2147483647;
			files = (
			);
			runOnlyForDeploymentPostprocessing = 0;
		};
		6F4E0C91270B1F980014D20F /* Resources */ = {
			isa = PBXResourcesBuildPhase;
			buildActionMask = 2147483647;
			files = (
			);
			runOnlyForDeploymentPostprocessing = 0;
		};
/* End PBXResourcesBuildPhase section */

/* Begin PBXSourcesBuildPhase section */
		6F4E0C75270B1F970014D20F /* Sources */ = {
			isa = PBXSourcesBuildPhase;
			buildActionMask = 2147483647;
			files = (
				6F4E0CA7270C1E2B0014D20F /* ContentView-2.swift in Sources */,
				6F4E0C7F270B1F970014D20F /* ContentView.swift in Sources */,
				6F4E0C7D270B1F970014D20F /* SwiftUI_2_0_NewFeaturesApp.swift in Sources */,
				6F4E0CA9270C217A0014D20F /* PageViewController.swift in Sources */,
			);
			runOnlyForDeploymentPostprocessing = 0;
		};
		6F4E0C85270B1F980014D20F /* Sources */ = {
			isa = PBXSourcesBuildPhase;
			buildActionMask = 2147483647;
			files = (
				6F4E0C8E270B1F980014D20F /* SwiftUI_2_0_NewFeaturesTests.swift in Sources */,
			);
			runOnlyForDeploymentPostprocessing = 0;
		};
		6F4E0C8F270B1F980014D20F /* Sources */ = {
			isa = PBXSourcesBuildPhase;
			buildActionMask = 2147483647;
			files = (
				6F4E0C9A270B1F990014D20F /* SwiftUI_2_0_NewFeaturesUITestsLaunchTests.swift in Sources */,
				6F4E0C98270B1F980014D20F /* SwiftUI_2_0_NewFeaturesUITests.swift in Sources */,
			);
			runOnlyForDeploymentPostprocessing = 0;
		};
/* End PBXSourcesBuildPhase section */

/* Begin PBXTargetDependency section */
		6F4E0C8B270B1F980014D20F /* PBXTargetDependency */ = {
			isa = PBXTargetDependency;
			target = 6F4E0C78270B1F970014D20F /* SwiftUI-2.0-NewFeatures */;
			targetProxy = 6F4E0C8A270B1F980014D20F /* PBXContainerItemProxy */;
		};
		6F4E0C95270B1F980014D20F /* PBXTargetDependency */ = {
			isa = PBXTargetDependency;
			target = 6F4E0C78270B1F970014D20F /* SwiftUI-2.0-NewFeatures */;
			targetProxy = 6F4E0C94270B1F980014D20F /* PBXContainerItemProxy */;
		};
/* End PBXTargetDependency section */

/* Begin XCBuildConfiguration section */
		6F4E0C9B270B1F990014D20F /* Debug */ = {
			isa = XCBuildConfiguration;
			buildSettings = {
				ALWAYS_SEARCH_USER_PATHS = NO;
				CLANG_ANALYZER_NONNULL = YES;
				CLANG_ANALYZER_NUMBER_OBJECT_CONVERSION = YES_AGGRESSIVE;
				CLANG_CXX_LANGUAGE_STANDARD = "gnu++17";
				CLANG_CXX_LIBRARY = "libc++";
				CLANG_ENABLE_MODULES = YES;
				CLANG_ENABLE_OBJC_ARC = YES;
				CLANG_ENABLE_OBJC_WEAK = YES;
				CLANG_WARN_BLOCK_CAPTURE_AUTORELEASING = YES;
				CLANG_WARN_BOOL_CONVERSION = YES;
				CLANG_WARN_COMMA = YES;
				CLANG_WARN_CONSTANT_CONVERSION = YES;
				CLANG_WARN_DEPRECATED_OBJC_IMPLEMENTATIONS = YES;
				CLANG_WARN_DIRECT_OBJC_ISA_USAGE = YES_ERROR;
				CLANG_WARN_DOCUMENTATION_COMMENTS = YES;
				CLANG_WARN_EMPTY_BODY = YES;
				CLANG_WARN_ENUM_CONVERSION = YES;
				CLANG_WARN_INFINITE_RECURSION = YES;
				CLANG_WARN_INT_CONVERSION = YES;
				CLANG_WARN_NON_LITERAL_NULL_CONVERSION = YES;
				CLANG_WARN_OBJC_IMPLICIT_RETAIN_SELF = YES;
				CLANG_WARN_OBJC_LITERAL_CONVERSION = YES;
				CLANG_WARN_OBJC_ROOT_CLASS = YES_ERROR;
				CLANG_WARN_QUOTED_INCLUDE_IN_FRAMEWORK_HEADER = YES;
				CLANG_WARN_RANGE_LOOP_ANALYSIS = YES;
				CLANG_WARN_STRICT_PROTOTYPES = YES;
				CLANG_WARN_SUSPICIOUS_MOVE = YES;
				CLANG_WARN_UNGUARDED_AVAILABILITY = YES_AGGRESSIVE;
				CLANG_WARN_UNREACHABLE_CODE = YES;
				CLANG_WARN__DUPLICATE_METHOD_MATCH = YES;
				COPY_PHASE_STRIP = NO;
				DEBUG_INFORMATION_FORMAT = dwarf;
				ENABLE_STRICT_OBJC_MSGSEND = YES;
				ENABLE_TESTABILITY = YES;
				GCC_C_LANGUAGE_STANDARD = gnu11;
				GCC_DYNAMIC_NO_PIC = NO;
				GCC_NO_COMMON_BLOCKS = YES;
				GCC_OPTIMIZATION_LEVEL = 0;
				GCC_PREPROCESSOR_DEFINITIONS = (
					"DEBUG=1",
					"$(inherited)",
				);
				GCC_WARN_64_TO_32_BIT_CONVERSION = YES;
				GCC_WARN_ABOUT_RETURN_TYPE = YES_ERROR;
				GCC_WARN_UNDECLARED_SELECTOR = YES;
				GCC_WARN_UNINITIALIZED_AUTOS = YES_AGGRESSIVE;
				GCC_WARN_UNUSED_FUNCTION = YES;
				GCC_WARN_UNUSED_VARIABLE = YES;
				IPHONEOS_DEPLOYMENT_TARGET = 15.0;
				MTL_ENABLE_DEBUG_INFO = INCLUDE_SOURCE;
				MTL_FAST_MATH = YES;
				ONLY_ACTIVE_ARCH = YES;
				SDKROOT = iphoneos;
				SWIFT_ACTIVE_COMPILATION_CONDITIONS = DEBUG;
				SWIFT_OPTIMIZATION_LEVEL = "-Onone";
			};
			name = Debug;
		};
		6F4E0C9C270B1F990014D20F /* Release */ = {
			isa = XCBuildConfiguration;
			buildSettings = {
				ALWAYS_SEARCH_USER_PATHS = NO;
				CLANG_ANALYZER_NONNULL = YES;
				CLANG_ANALYZER_NUMBER_OBJECT_CONVERSION = YES_AGGRESSIVE;
				CLANG_CXX_LANGUAGE_STANDARD = "gnu++17";
				CLANG_CXX_LIBRARY = "libc++";
				CLANG_ENABLE_MODULES = YES;
				CLANG_ENABLE_OBJC_ARC = YES;
				CLANG_ENABLE_OBJC_WEAK = YES;
				CLANG_WARN_BLOCK_CAPTURE_AUTORELEASING = YES;
				CLANG_WARN_BOOL_CONVERSION = YES;
				CLANG_WARN_COMMA = YES;
				CLANG_WARN_CONSTANT_CONVERSION = YES;
				CLANG_WARN_DEPRECATED_OBJC_IMPLEMENTATIONS = YES;
				CLANG_WARN_DIRECT_OBJC_ISA_USAGE = YES_ERROR;
				CLANG_WARN_DOCUMENTATION_COMMENTS = YES;
				CLANG_WARN_EMPTY_BODY = YES;
				CLANG_WARN_ENUM_CONVERSION = YES;
				CLANG_WARN_INFINITE_RECURSION = YES;
				CLANG_WARN_INT_CONVERSION = YES;
				CLANG_WARN_NON_LITERAL_NULL_CONVERSION = YES;
				CLANG_WARN_OBJC_IMPLICIT_RETAIN_SELF = YES;
				CLANG_WARN_OBJC_LITERAL_CONVERSION = YES;
				CLANG_WARN_OBJC_ROOT_CLASS = YES_ERROR;
				CLANG_WARN_QUOTED_INCLUDE_IN_FRAMEWORK_HEADER = YES;
				CLANG_WARN_RANGE_LOOP_ANALYSIS = YES;
				CLANG_WARN_STRICT_PROTOTYPES = YES;
				CLANG_WARN_SUSPICIOUS_MOVE = YES;
				CLANG_WARN_UNGUARDED_AVAILABILITY = YES_AGGRESSIVE;
				CLANG_WARN_UNREACHABLE_CODE = YES;
				CLANG_WARN__DUPLICATE_METHOD_MATCH = YES;
				COPY_PHASE_STRIP = NO;
				DEBUG_INFORMATION_FORMAT = "dwarf-with-dsym";
				ENABLE_NS_ASSERTIONS = NO;
				ENABLE_STRICT_OBJC_MSGSEND = YES;
				GCC_C_LANGUAGE_STANDARD = gnu11;
				GCC_NO_COMMON_BLOCKS = YES;
				GCC_WARN_64_TO_32_BIT_CONVERSION = YES;
				GCC_WARN_ABOUT_RETURN_TYPE = YES_ERROR;
				GCC_WARN_UNDECLARED_SELECTOR = YES;
				GCC_WARN_UNINITIALIZED_AUTOS = YES_AGGRESSIVE;
				GCC_WARN_UNUSED_FUNCTION = YES;
				GCC_WARN_UNUSED_VARIABLE = YES;
				IPHONEOS_DEPLOYMENT_TARGET = 15.0;
				MTL_ENABLE_DEBUG_INFO = NO;
				MTL_FAST_MATH = YES;
				SDKROOT = iphoneos;
				SWIFT_COMPILATION_MODE = wholemodule;
				SWIFT_OPTIMIZATION_LEVEL = "-O";
				VALIDATE_PRODUCT = YES;
			};
			name = Release;
		};
		6F4E0C9E270B1F990014D20F /* Debug */ = {
			isa = XCBuildConfiguration;
			buildSettings = {
				ASSETCATALOG_COMPILER_APPICON_NAME = AppIcon;
				ASSETCATALOG_COMPILER_GLOBAL_ACCENT_COLOR_NAME = AccentColor;
				CODE_SIGN_STYLE = Automatic;
				CURRENT_PROJECT_VERSION = 1;
				DEVELOPMENT_ASSET_PATHS = "\"SwiftUI-2.0-NewFeatures/Preview Content\"";
				DEVELOPMENT_TEAM = 35P9S7STBV;
				ENABLE_PREVIEWS = YES;
				GENERATE_INFOPLIST_FILE = YES;
				INFOPLIST_KEY_UIApplicationSceneManifest_Generation = YES;
				INFOPLIST_KEY_UIApplicationSupportsIndirectInputEvents = YES;
				INFOPLIST_KEY_UILaunchScreen_Generation = YES;
				INFOPLIST_KEY_UISupportedInterfaceOrientations_iPad = "UIInterfaceOrientationPortrait UIInterfaceOrientationPortraitUpsideDown UIInterfaceOrientationLandscapeLeft UIInterfaceOrientationLandscapeRight";
				INFOPLIST_KEY_UISupportedInterfaceOrientations_iPhone = "UIInterfaceOrientationPortrait UIInterfaceOrientationLandscapeLeft UIInterfaceOrientationLandscapeRight";
				IPHONEOS_DEPLOYMENT_TARGET = 14.0;
				LD_RUNPATH_SEARCH_PATHS = (
					"$(inherited)",
					"@executable_path/Frameworks",
				);
				MARKETING_VERSION = 1.0;
				PRODUCT_BUNDLE_IDENTIFIER = "com.drawRect.SwiftUI-2-0-NewFeatures";
				PRODUCT_NAME = "$(TARGET_NAME)";
				SWIFT_EMIT_LOC_STRINGS = YES;
				SWIFT_VERSION = 5.0;
				TARGETED_DEVICE_FAMILY = "1,2";
			};
			name = Debug;
		};
		6F4E0C9F270B1F990014D20F /* Release */ = {
			isa = XCBuildConfiguration;
			buildSettings = {
				ASSETCATALOG_COMPILER_APPICON_NAME = AppIcon;
				ASSETCATALOG_COMPILER_GLOBAL_ACCENT_COLOR_NAME = AccentColor;
				CODE_SIGN_STYLE = Automatic;
				CURRENT_PROJECT_VERSION = 1;
				DEVELOPMENT_ASSET_PATHS = "\"SwiftUI-2.0-NewFeatures/Preview Content\"";
				DEVELOPMENT_TEAM = 35P9S7STBV;
				ENABLE_PREVIEWS = YES;
				GENERATE_INFOPLIST_FILE = YES;
				INFOPLIST_KEY_UIApplicationSceneManifest_Generation = YES;
				INFOPLIST_KEY_UIApplicationSupportsIndirectInputEvents = YES;
				INFOPLIST_KEY_UILaunchScreen_Generation = YES;
				INFOPLIST_KEY_UISupportedInterfaceOrientations_iPad = "UIInterfaceOrientationPortrait UIInterfaceOrientationPortraitUpsideDown UIInterfaceOrientationLandscapeLeft UIInterfaceOrientationLandscapeRight";
				INFOPLIST_KEY_UISupportedInterfaceOrientations_iPhone = "UIInterfaceOrientationPortrait UIInterfaceOrientationLandscapeLeft UIInterfaceOrientationLandscapeRight";
				IPHONEOS_DEPLOYMENT_TARGET = 14.0;
				LD_RUNPATH_SEARCH_PATHS = (
					"$(inherited)",
					"@executable_path/Frameworks",
				);
				MARKETING_VERSION = 1.0;
				PRODUCT_BUNDLE_IDENTIFIER = "com.drawRect.SwiftUI-2-0-NewFeatures";
				PRODUCT_NAME = "$(TARGET_NAME)";
				SWIFT_EMIT_LOC_STRINGS = YES;
				SWIFT_VERSION = 5.0;
				TARGETED_DEVICE_FAMILY = "1,2";
			};
			name = Release;
		};
		6F4E0CA1270B1F990014D20F /* Debug */ = {
			isa = XCBuildConfiguration;
			buildSettings = {
				ALWAYS_EMBED_SWIFT_STANDARD_LIBRARIES = YES;
				BUNDLE_LOADER = "$(TEST_HOST)";
				CODE_SIGN_STYLE = Automatic;
				CURRENT_PROJECT_VERSION = 1;
				DEVELOPMENT_TEAM = 35P9S7STBV;
				GENERATE_INFOPLIST_FILE = YES;
				IPHONEOS_DEPLOYMENT_TARGET = 14.0;
				LD_RUNPATH_SEARCH_PATHS = (
					"$(inherited)",
					"@executable_path/Frameworks",
					"@loader_path/Frameworks",
				);
				MARKETING_VERSION = 1.0;
				PRODUCT_BUNDLE_IDENTIFIER = "com.drawRect.SwiftUI-2-0-NewFeaturesTests";
				PRODUCT_NAME = "$(TARGET_NAME)";
				SWIFT_EMIT_LOC_STRINGS = NO;
				SWIFT_VERSION = 5.0;
				TARGETED_DEVICE_FAMILY = "1,2";
				TEST_HOST = "$(BUILT_PRODUCTS_DIR)/SwiftUI-2.0-NewFeatures.app/SwiftUI-2.0-NewFeatures";
			};
			name = Debug;
		};
		6F4E0CA2270B1F990014D20F /* Release */ = {
			isa = XCBuildConfiguration;
			buildSettings = {
				ALWAYS_EMBED_SWIFT_STANDARD_LIBRARIES = YES;
				BUNDLE_LOADER = "$(TEST_HOST)";
				CODE_SIGN_STYLE = Automatic;
				CURRENT_PROJECT_VERSION = 1;
				DEVELOPMENT_TEAM = 35P9S7STBV;
				GENERATE_INFOPLIST_FILE = YES;
				IPHONEOS_DEPLOYMENT_TARGET = 14.0;
				LD_RUNPATH_SEARCH_PATHS = (
					"$(inherited)",
					"@executable_path/Frameworks",
					"@loader_path/Frameworks",
				);
				MARKETING_VERSION = 1.0;
				PRODUCT_BUNDLE_IDENTIFIER = "com.drawRect.SwiftUI-2-0-NewFeaturesTests";
				PRODUCT_NAME = "$(TARGET_NAME)";
				SWIFT_EMIT_LOC_STRINGS = NO;
				SWIFT_VERSION = 5.0;
				TARGETED_DEVICE_FAMILY = "1,2";
				TEST_HOST = "$(BUILT_PRODUCTS_DIR)/SwiftUI-2.0-NewFeatures.app/SwiftUI-2.0-NewFeatures";
			};
			name = Release;
		};
		6F4E0CA4270B1F990014D20F /* Debug */ = {
			isa = XCBuildConfiguration;
			buildSettings = {
				ALWAYS_EMBED_SWIFT_STANDARD_LIBRARIES = YES;
				CODE_SIGN_STYLE = Automatic;
				CURRENT_PROJECT_VERSION = 1;
				DEVELOPMENT_TEAM = 35P9S7STBV;
				GENERATE_INFOPLIST_FILE = YES;
				LD_RUNPATH_SEARCH_PATHS = (
					"$(inherited)",
					"@executable_path/Frameworks",
					"@loader_path/Frameworks",
				);
				MARKETING_VERSION = 1.0;
				PRODUCT_BUNDLE_IDENTIFIER = "com.drawRect.SwiftUI-2-0-NewFeaturesUITests";
				PRODUCT_NAME = "$(TARGET_NAME)";
				SWIFT_EMIT_LOC_STRINGS = NO;
				SWIFT_VERSION = 5.0;
				TARGETED_DEVICE_FAMILY = "1,2";
				TEST_TARGET_NAME = "SwiftUI-2.0-NewFeatures";
			};
			name = Debug;
		};
		6F4E0CA5270B1F990014D20F /* Release */ = {
			isa = XCBuildConfiguration;
			buildSettings = {
				ALWAYS_EMBED_SWIFT_STANDARD_LIBRARIES = YES;
				CODE_SIGN_STYLE = Automatic;
				CURRENT_PROJECT_VERSION = 1;
				DEVELOPMENT_TEAM = 35P9S7STBV;
				GENERATE_INFOPLIST_FILE = YES;
				LD_RUNPATH_SEARCH_PATHS = (
					"$(inherited)",
					"@executable_path/Frameworks",
					"@loader_path/Frameworks",
				);
				MARKETING_VERSION = 1.0;
				PRODUCT_BUNDLE_IDENTIFIER = "com.drawRect.SwiftUI-2-0-NewFeaturesUITests";
				PRODUCT_NAME = "$(TARGET_NAME)";
				SWIFT_EMIT_LOC_STRINGS = NO;
				SWIFT_VERSION = 5.0;
				TARGETED_DEVICE_FAMILY = "1,2";
				TEST_TARGET_NAME = "SwiftUI-2.0-NewFeatures";
			};
			name = Release;
		};
/* End XCBuildConfiguration section */

/* Begin XCConfigurationList section */
		6F4E0C74270B1F970014D20F /* Build configuration list for PBXProject "SwiftUI-2.0-NewFeatures" */ = {
			isa = XCConfigurationList;
			buildConfigurations = (
				6F4E0C9B270B1F990014D20F /* Debug */,
				6F4E0C9C270B1F990014D20F /* Release */,
			);
			defaultConfigurationIsVisible = 0;
			defaultConfigurationName = Release;
		};
		6F4E0C9D270B1F990014D20F /* Build configuration list for PBXNativeTarget "SwiftUI-2.0-NewFeatures" */ = {
			isa = XCConfigurationList;
			buildConfigurations = (
				6F4E0C9E270B1F990014D20F /* Debug */,
				6F4E0C9F270B1F990014D20F /* Release */,
			);
			defaultConfigurationIsVisible = 0;
			defaultConfigurationName = Release;
		};
		6F4E0CA0270B1F990014D20F /* Build configuration list for PBXNativeTarget "SwiftUI-2.0-NewFeaturesTests" */ = {
			isa = XCConfigurationList;
			buildConfigurations = (
				6F4E0CA1270B1F990014D20F /* Debug */,
				6F4E0CA2270B1F990014D20F /* Release */,
			);
			defaultConfigurationIsVisible = 0;
			defaultConfigurationName = Release;
		};
		6F4E0CA3270B1F990014D20F /* Build configuration list for PBXNativeTarget "SwiftUI-2.0-NewFeaturesUITests" */ = {
			isa = XCConfigurationList;
			buildConfigurations = (
				6F4E0CA4270B1F990014D20F /* Debug */,
				6F4E0CA5270B1F990014D20F /* Release */,
			);
			defaultConfigurationIsVisible = 0;
			defaultConfigurationName = Release;
		};
/* End XCConfigurationList section */
	};
	rootObject = 6F4E0C71270B1F970014D20F /* Project object */;
}
