// !$*UTF8*$!
{
	archiveVersion = 1;
	classes = {
	};
	objectVersion = 50;
	objects = {

/* Begin PBXBuildFile section */
		0724A8F72605F19200BEE003 /* AppDelegate.swift in Sources */ = {isa = PBXBuildFile; fileRef = 0724A8F62605F19200BEE003 /* AppDelegate.swift */; };
		0724A8F92605F19200BEE003 /* SceneDelegate.swift in Sources */ = {isa = PBXBuildFile; fileRef = 0724A8F82605F19200BEE003 /* SceneDelegate.swift */; };
		0724A8FB2605F19200BEE003 /* ViewController.swift in Sources */ = {isa = PBXBuildFile; fileRef = 0724A8FA2605F19200BEE003 /* ViewController.swift */; };
		0724A8FE2605F19200BEE003 /* Main.storyboard in Resources */ = {isa = PBXBuildFile; fileRef = 0724A8FC2605F19200BEE003 /* Main.storyboard */; };
		0724A9002605F19500BEE003 /* Assets.xcassets in Resources */ = {isa = PBXBuildFile; fileRef = 0724A8FF2605F19500BEE003 /* Assets.xcassets */; };
		0724A9032605F19500BEE003 /* LaunchScreen.storyboard in Resources */ = {isa = PBXBuildFile; fileRef = 0724A9012605F19500BEE003 /* LaunchScreen.storyboard */; };
		0724A9192605F19500BEE003 /* UserDefaultsUITests.swift in Sources */ = {isa = PBXBuildFile; fileRef = 0724A9182605F19500BEE003 /* UserDefaultsUITests.swift */; };
		0724A92D2605F68500BEE003 /* FakeUserDefaults.swift in Sources */ = {isa = PBXBuildFile; fileRef = 0724A92C2605F68500BEE003 /* FakeUserDefaults.swift */; };
		0724A9322605F75400BEE003 /* ViewControllerTests.swift in Sources */ = {isa = PBXBuildFile; fileRef = 0724A9312605F75400BEE003 /* ViewControllerTests.swift */; };
		0724A9372605FA3B00BEE003 /* TestHelper.swift in Sources */ = {isa = PBXBuildFile; fileRef = 0724A9362605FA3B00BEE003 /* TestHelper.swift */; };
/* End PBXBuildFile section */

/* Begin PBXContainerItemProxy section */
		0724A90A2605F19500BEE003 /* PBXContainerItemProxy */ = {
			isa = PBXContainerItemProxy;
			containerPortal = 0724A8EB2605F19100BEE003 /* Project object */;
			proxyType = 1;
			remoteGlobalIDString = 0724A8F22605F19100BEE003;
			remoteInfo = UserDefaults;
		};
		0724A9152605F19500BEE003 /* PBXContainerItemProxy */ = {
			isa = PBXContainerItemProxy;
			containerPortal = 0724A8EB2605F19100BEE003 /* Project object */;
			proxyType = 1;
			remoteGlobalIDString = 0724A8F22605F19100BEE003;
			remoteInfo = UserDefaults;
		};
/* End PBXContainerItemProxy section */

/* Begin PBXFileReference section */
		0724A8F32605F19200BEE003 /* UserDefaults.app */ = {isa = PBXFileReference; explicitFileType = wrapper.application; includeInIndex = 0; path = UserDefaults.app; sourceTree = BUILT_PRODUCTS_DIR; };
		0724A8F62605F19200BEE003 /* AppDelegate.swift */ = {isa = PBXFileReference; lastKnownFileType = sourcecode.swift; path = AppDelegate.swift; sourceTree = "<group>"; };
		0724A8F82605F19200BEE003 /* SceneDelegate.swift */ = {isa = PBXFileReference; lastKnownFileType = sourcecode.swift; path = SceneDelegate.swift; sourceTree = "<group>"; };
		0724A8FA2605F19200BEE003 /* ViewController.swift */ = {isa = PBXFileReference; lastKnownFileType = sourcecode.swift; path = ViewController.swift; sourceTree = "<group>"; };
		0724A8FD2605F19200BEE003 /* Base */ = {isa = PBXFileReference; lastKnownFileType = file.storyboard; name = Base; path = Base.lproj/Main.storyboard; sourceTree = "<group>"; };
		0724A8FF2605F19500BEE003 /* Assets.xcassets */ = {isa = PBXFileReference; lastKnownFileType = folder.assetcatalog; path = Assets.xcassets; sourceTree = "<group>"; };
		0724A9022605F19500BEE003 /* Base */ = {isa = PBXFileReference; lastKnownFileType = file.storyboard; name = Base; path = Base.lproj/LaunchScreen.storyboard; sourceTree = "<group>"; };
		0724A9042605F19500BEE003 /* Info.plist */ = {isa = PBXFileReference; lastKnownFileType = text.plist.xml; path = Info.plist; sourceTree = "<group>"; };
		0724A9092605F19500BEE003 /* UserDefaultsTests.xctest */ = {isa = PBXFileReference; explicitFileType = wrapper.cfbundle; includeInIndex = 0; path = UserDefaultsTests.xctest; sourceTree = BUILT_PRODUCTS_DIR; };
		0724A90F2605F19500BEE003 /* Info.plist */ = {isa = PBXFileReference; lastKnownFileType = text.plist.xml; path = Info.plist; sourceTree = "<group>"; };
		0724A9142605F19500BEE003 /* UserDefaultsUITests.xctest */ = {isa = PBXFileReference; explicitFileType = wrapper.cfbundle; includeInIndex = 0; path = UserDefaultsUITests.xctest; sourceTree = BUILT_PRODUCTS_DIR; };
		0724A9182605F19500BEE003 /* UserDefaultsUITests.swift */ = {isa = PBXFileReference; lastKnownFileType = sourcecode.swift; path = UserDefaultsUITests.swift; sourceTree = "<group>"; };
		0724A91A2605F19500BEE003 /* Info.plist */ = {isa = PBXFileReference; lastKnownFileType = text.plist.xml; path = Info.plist; sourceTree = "<group>"; };
		0724A92C2605F68500BEE003 /* FakeUserDefaults.swift */ = {isa = PBXFileReference; lastKnownFileType = sourcecode.swift; path = FakeUserDefaults.swift; sourceTree = "<group>"; };
		0724A9312605F75400BEE003 /* ViewControllerTests.swift */ = {isa = PBXFileReference; lastKnownFileType = sourcecode.swift; path = ViewControllerTests.swift; sourceTree = "<group>"; };
		0724A9362605FA3B00BEE003 /* TestHelper.swift */ = {isa = PBXFileReference; lastKnownFileType = sourcecode.swift; path = TestHelper.swift; sourceTree = "<group>"; };
/* End PBXFileReference section */

/* Begin PBXFrameworksBuildPhase section */
		0724A8F02605F19100BEE003 /* Frameworks */ = {
			isa = PBXFrameworksBuildPhase;
			buildActionMask = 2147483647;
			files = (
			);
			runOnlyForDeploymentPostprocessing = 0;
		};
		0724A9062605F19500BEE003 /* Frameworks */ = {
			isa = PBXFrameworksBuildPhase;
			buildActionMask = 2147483647;
			files = (
			);
			runOnlyForDeploymentPostprocessing = 0;
		};
		0724A9112605F19500BEE003 /* Frameworks */ = {
			isa = PBXFrameworksBuildPhase;
			buildActionMask = 2147483647;
			files = (
			);
			runOnlyForDeploymentPostprocessing = 0;
		};
/* End PBXFrameworksBuildPhase section */

/* Begin PBXGroup section */
		0724A8EA2605F19100BEE003 = {
			isa = PBXGroup;
			children = (
				0724A8F52605F19200BEE003 /* UserDefaults */,
				0724A90C2605F19500BEE003 /* UserDefaultsTests */,
				0724A9172605F19500BEE003 /* UserDefaultsUITests */,
				0724A8F42605F19200BEE003 /* Products */,
			);
			sourceTree = "<group>";
		};
		0724A8F42605F19200BEE003 /* Products */ = {
			isa = PBXGroup;
			children = (
				0724A8F32605F19200BEE003 /* UserDefaults.app */,
				0724A9092605F19500BEE003 /* UserDefaultsTests.xctest */,
				0724A9142605F19500BEE003 /* UserDefaultsUITests.xctest */,
			);
			name = Products;
			sourceTree = "<group>";
		};
		0724A8F52605F19200BEE003 /* UserDefaults */ = {
			isa = PBXGroup;
			children = (
				0724A8F62605F19200BEE003 /* AppDelegate.swift */,
				0724A8F82605F19200BEE003 /* SceneDelegate.swift */,
				0724A8FA2605F19200BEE003 /* ViewController.swift */,
				0724A8FC2605F19200BEE003 /* Main.storyboard */,
				0724A8FF2605F19500BEE003 /* Assets.xcassets */,
				0724A9012605F19500BEE003 /* LaunchScreen.storyboard */,
				0724A9042605F19500BEE003 /* Info.plist */,
			);
			path = UserDefaults;
			sourceTree = "<group>";
		};
		0724A90C2605F19500BEE003 /* UserDefaultsTests */ = {
			isa = PBXGroup;
			children = (
				0724A90F2605F19500BEE003 /* Info.plist */,
				0724A92C2605F68500BEE003 /* FakeUserDefaults.swift */,
				0724A9312605F75400BEE003 /* ViewControllerTests.swift */,
				0724A9362605FA3B00BEE003 /* TestHelper.swift */,
			);
			path = UserDefaultsTests;
			sourceTree = "<group>";
		};
		0724A9172605F19500BEE003 /* UserDefaultsUITests */ = {
			isa = PBXGroup;
			children = (
				0724A9182605F19500BEE003 /* UserDefaultsUITests.swift */,
				0724A91A2605F19500BEE003 /* Info.plist */,
			);
			path = UserDefaultsUITests;
			sourceTree = "<group>";
		};
/* End PBXGroup section */

/* Begin PBXNativeTarget section */
		0724A8F22605F19100BEE003 /* UserDefaults */ = {
			isa = PBXNativeTarget;
			buildConfigurationList = 0724A91D2605F19500BEE003 /* Build configuration list for PBXNativeTarget "UserDefaults" */;
			buildPhases = (
				0724A8EF2605F19100BEE003 /* Sources */,
				0724A8F02605F19100BEE003 /* Frameworks */,
				0724A8F12605F19100BEE003 /* Resources */,
			);
			buildRules = (
			);
			dependencies = (
			);
			name = UserDefaults;
			productName = UserDefaults;
			productReference = 0724A8F32605F19200BEE003 /* UserDefaults.app */;
			productType = "com.apple.product-type.application";
		};
		0724A9082605F19500BEE003 /* UserDefaultsTests */ = {
			isa = PBXNativeTarget;
			buildConfigurationList = 0724A9202605F19500BEE003 /* Build configuration list for PBXNativeTarget "UserDefaultsTests" */;
			buildPhases = (
				0724A9052605F19500BEE003 /* Sources */,
				0724A9062605F19500BEE003 /* Frameworks */,
				0724A9072605F19500BEE003 /* Resources */,
			);
			buildRules = (
			);
			dependencies = (
				0724A90B2605F19500BEE003 /* PBXTargetDependency */,
			);
			name = UserDefaultsTests;
			productName = UserDefaultsTests;
			productReference = 0724A9092605F19500BEE003 /* UserDefaultsTests.xctest */;
			productType = "com.apple.product-type.bundle.unit-test";
		};
		0724A9132605F19500BEE003 /* UserDefaultsUITests */ = {
			isa = PBXNativeTarget;
			buildConfigurationList = 0724A9232605F19500BEE003 /* Build configuration list for PBXNativeTarget "UserDefaultsUITests" */;
			buildPhases = (
				0724A9102605F19500BEE003 /* Sources */,
				0724A9112605F19500BEE003 /* Frameworks */,
				0724A9122605F19500BEE003 /* Resources */,
			);
			buildRules = (
			);
			dependencies = (
				0724A9162605F19500BEE003 /* PBXTargetDependency */,
			);
			name = UserDefaultsUITests;
			productName = UserDefaultsUITests;
			productReference = 0724A9142605F19500BEE003 /* UserDefaultsUITests.xctest */;
			productType = "com.apple.product-type.bundle.ui-testing";
		};
/* End PBXNativeTarget section */

/* Begin PBXProject section */
		0724A8EB2605F19100BEE003 /* Project object */ = {
			isa = PBXProject;
			attributes = {
				LastSwiftUpdateCheck = 1240;
				LastUpgradeCheck = 1240;
				TargetAttributes = {
					0724A8F22605F19100BEE003 = {
						CreatedOnToolsVersion = 12.4;
					};
					0724A9082605F19500BEE003 = {
						CreatedOnToolsVersion = 12.4;
						TestTargetID = 0724A8F22605F19100BEE003;
					};
					0724A9132605F19500BEE003 = {
						CreatedOnToolsVersion = 12.4;
						TestTargetID = 0724A8F22605F19100BEE003;
					};
				};
			};
			buildConfigurationList = 0724A8EE2605F19100BEE003 /* Build configuration list for PBXProject "UserDefaults" */;
			compatibilityVersion = "Xcode 9.3";
			developmentRegion = en;
			hasScannedForEncodings = 0;
			knownRegions = (
				en,
				Base,
			);
			mainGroup = 0724A8EA2605F19100BEE003;
			productRefGroup = 0724A8F42605F19200BEE003 /* Products */;
			projectDirPath = "";
			projectRoot = "";
			targets = (
				0724A8F22605F19100BEE003 /* UserDefaults */,
				0724A9082605F19500BEE003 /* UserDefaultsTests */,
				0724A9132605F19500BEE003 /* UserDefaultsUITests */,
			);
		};
/* End PBXProject section */

/* Begin PBXResourcesBuildPhase section */
		0724A8F12605F19100BEE003 /* Resources */ = {
			isa = PBXResourcesBuildPhase;
			buildActionMask = 2147483647;
			files = (
				0724A9032605F19500BEE003 /* LaunchScreen.storyboard in Resources */,
				0724A9002605F19500BEE003 /* Assets.xcassets in Resources */,
				0724A8FE2605F19200BEE003 /* Main.storyboard in Resources */,
			);
			runOnlyForDeploymentPostprocessing = 0;
		};
		0724A9072605F19500BEE003 /* Resources */ = {
			isa = PBXResourcesBuildPhase;
			buildActionMask = 2147483647;
			files = (
			);
			runOnlyForDeploymentPostprocessing = 0;
		};
		0724A9122605F19500BEE003 /* Resources */ = {
			isa = PBXResourcesBuildPhase;
			buildActionMask = 2147483647;
			files = (
			);
			runOnlyForDeploymentPostprocessing = 0;
		};
/* End PBXResourcesBuildPhase section */

/* Begin PBXSourcesBuildPhase section */
		0724A8EF2605F19100BEE003 /* Sources */ = {
			isa = PBXSourcesBuildPhase;
			buildActionMask = 2147483647;
			files = (
				0724A8FB2605F19200BEE003 /* ViewController.swift in Sources */,
				0724A8F72605F19200BEE003 /* AppDelegate.swift in Sources */,
				0724A8F92605F19200BEE003 /* SceneDelegate.swift in Sources */,
			);
			runOnlyForDeploymentPostprocessing = 0;
		};
		0724A9052605F19500BEE003 /* Sources */ = {
			isa = PBXSourcesBuildPhase;
			buildActionMask = 2147483647;
			files = (
				0724A9372605FA3B00BEE003 /* TestHelper.swift in Sources */,
				0724A9322605F75400BEE003 /* ViewControllerTests.swift in Sources */,
				0724A92D2605F68500BEE003 /* FakeUserDefaults.swift in Sources */,
			);
			runOnlyForDeploymentPostprocessing = 0;
		};
		0724A9102605F19500BEE003 /* Sources */ = {
			isa = PBXSourcesBuildPhase;
			buildActionMask = 2147483647;
			files = (
				0724A9192605F19500BEE003 /* UserDefaultsUITests.swift in Sources */,
			);
			runOnlyForDeploymentPostprocessing = 0;
		};
/* End PBXSourcesBuildPhase section */

/* Begin PBXTargetDependency section */
		0724A90B2605F19500BEE003 /* PBXTargetDependency */ = {
			isa = PBXTargetDependency;
			target = 0724A8F22605F19100BEE003 /* UserDefaults */;
			targetProxy = 0724A90A2605F19500BEE003 /* PBXContainerItemProxy */;
		};
		0724A9162605F19500BEE003 /* PBXTargetDependency */ = {
			isa = PBXTargetDependency;
			target = 0724A8F22605F19100BEE003 /* UserDefaults */;
			targetProxy = 0724A9152605F19500BEE003 /* PBXContainerItemProxy */;
		};
/* End PBXTargetDependency section */

/* Begin PBXVariantGroup section */
		0724A8FC2605F19200BEE003 /* Main.storyboard */ = {
			isa = PBXVariantGroup;
			children = (
				0724A8FD2605F19200BEE003 /* Base */,
			);
			name = Main.storyboard;
			sourceTree = "<group>";
		};
		0724A9012605F19500BEE003 /* LaunchScreen.storyboard */ = {
			isa = PBXVariantGroup;
			children = (
				0724A9022605F19500BEE003 /* Base */,
			);
			name = LaunchScreen.storyboard;
			sourceTree = "<group>";
		};
/* End PBXVariantGroup section */

/* Begin XCBuildConfiguration section */
		0724A91B2605F19500BEE003 /* Debug */ = {
			isa = XCBuildConfiguration;
			buildSettings = {
				ALWAYS_SEARCH_USER_PATHS = NO;
				CLANG_ANALYZER_NONNULL = YES;
				CLANG_ANALYZER_NUMBER_OBJECT_CONVERSION = YES_AGGRESSIVE;
				CLANG_CXX_LANGUAGE_STANDARD = "gnu++14";
				CLANG_CXX_LIBRARY = "libc++";
				CLANG_ENABLE_MODULES = YES;
				CLANG_ENABLE_OBJC_ARC = YES;
				CLANG_ENABLE_OBJC_WEAK = YES;
				CLANG_WARN_BLOCK_CAPTURE_AUTORELEASING = YES;
				CLANG_WARN_BOOL_CONVERSION = YES;
				CLANG_WARN_COMMA = YES;
				CLANG_WARN_CONSTANT_CONVERSION = YES;
				CLANG_WARN_DEPRECATED_OBJC_IMPLEMENTATIONS = YES;
				CLANG_WARN_DIRECT_OBJC_ISA_USAGE = YES_ERROR;
				CLANG_WARN_DOCUMENTATION_COMMENTS = YES;
				CLANG_WARN_EMPTY_BODY = YES;
				CLANG_WARN_ENUM_CONVERSION = YES;
				CLANG_WARN_INFINITE_RECURSION = YES;
				CLANG_WARN_INT_CONVERSION = YES;
				CLANG_WARN_NON_LITERAL_NULL_CONVERSION = YES;
				CLANG_WARN_OBJC_IMPLICIT_RETAIN_SELF = YES;
				CLANG_WARN_OBJC_LITERAL_CONVERSION = YES;
				CLANG_WARN_OBJC_ROOT_CLASS = YES_ERROR;
				CLANG_WARN_QUOTED_INCLUDE_IN_FRAMEWORK_HEADER = YES;
				CLANG_WARN_RANGE_LOOP_ANALYSIS = YES;
				CLANG_WARN_STRICT_PROTOTYPES = YES;
				CLANG_WARN_SUSPICIOUS_MOVE = YES;
				CLANG_WARN_UNGUARDED_AVAILABILITY = YES_AGGRESSIVE;
				CLANG_WARN_UNREACHABLE_CODE = YES;
				CLANG_WARN__DUPLICATE_METHOD_MATCH = YES;
				COPY_PHASE_STRIP = NO;
				DEBUG_INFORMATION_FORMAT = dwarf;
				ENABLE_STRICT_OBJC_MSGSEND = YES;
				ENABLE_TESTABILITY = YES;
				GCC_C_LANGUAGE_STANDARD = gnu11;
				GCC_DYNAMIC_NO_PIC = NO;
				GCC_NO_COMMON_BLOCKS = YES;
				GCC_OPTIMIZATION_LEVEL = 0;
				GCC_PREPROCESSOR_DEFINITIONS = (
					"DEBUG=1",
					"$(inherited)",
				);
				GCC_WARN_64_TO_32_BIT_CONVERSION = YES;
				GCC_WARN_ABOUT_RETURN_TYPE = YES_ERROR;
				GCC_WARN_UNDECLARED_SELECTOR = YES;
				GCC_WARN_UNINITIALIZED_AUTOS = YES_AGGRESSIVE;
				GCC_WARN_UNUSED_FUNCTION = YES;
				GCC_WARN_UNUSED_VARIABLE = YES;
				IPHONEOS_DEPLOYMENT_TARGET = 14.4;
				MTL_ENABLE_DEBUG_INFO = INCLUDE_SOURCE;
				MTL_FAST_MATH = YES;
				ONLY_ACTIVE_ARCH = YES;
				SDKROOT = iphoneos;
				SWIFT_ACTIVE_COMPILATION_CONDITIONS = DEBUG;
				SWIFT_OPTIMIZATION_LEVEL = "-Onone";
			};
			name = Debug;
		};
		0724A91C2605F19500BEE003 /* Release */ = {
			isa = XCBuildConfiguration;
			buildSettings = {
				ALWAYS_SEARCH_USER_PATHS = NO;
				CLANG_ANALYZER_NONNULL = YES;
				CLANG_ANALYZER_NUMBER_OBJECT_CONVERSION = YES_AGGRESSIVE;
				CLANG_CXX_LANGUAGE_STANDARD = "gnu++14";
				CLANG_CXX_LIBRARY = "libc++";
				CLANG_ENABLE_MODULES = YES;
				CLANG_ENABLE_OBJC_ARC = YES;
				CLANG_ENABLE_OBJC_WEAK = YES;
				CLANG_WARN_BLOCK_CAPTURE_AUTORELEASING = YES;
				CLANG_WARN_BOOL_CONVERSION = YES;
				CLANG_WARN_COMMA = YES;
				CLANG_WARN_CONSTANT_CONVERSION = YES;
				CLANG_WARN_DEPRECATED_OBJC_IMPLEMENTATIONS = YES;
				CLANG_WARN_DIRECT_OBJC_ISA_USAGE = YES_ERROR;
				CLANG_WARN_DOCUMENTATION_COMMENTS = YES;
				CLANG_WARN_EMPTY_BODY = YES;
				CLANG_WARN_ENUM_CONVERSION = YES;
				CLANG_WARN_INFINITE_RECURSION = YES;
				CLANG_WARN_INT_CONVERSION = YES;
				CLANG_WARN_NON_LITERAL_NULL_CONVERSION = YES;
				CLANG_WARN_OBJC_IMPLICIT_RETAIN_SELF = YES;
				CLANG_WARN_OBJC_LITERAL_CONVERSION = YES;
				CLANG_WARN_OBJC_ROOT_CLASS = YES_ERROR;
				CLANG_WARN_QUOTED_INCLUDE_IN_FRAMEWORK_HEADER = YES;
				CLANG_WARN_RANGE_LOOP_ANALYSIS = YES;
				CLANG_WARN_STRICT_PROTOTYPES = YES;
				CLANG_WARN_SUSPICIOUS_MOVE = YES;
				CLANG_WARN_UNGUARDED_AVAILABILITY = YES_AGGRESSIVE;
				CLANG_WARN_UNREACHABLE_CODE = YES;
				CLANG_WARN__DUPLICATE_METHOD_MATCH = YES;
				COPY_PHASE_STRIP = NO;
				DEBUG_INFORMATION_FORMAT = "dwarf-with-dsym";
				ENABLE_NS_ASSERTIONS = NO;
				ENABLE_STRICT_OBJC_MSGSEND = YES;
				GCC_C_LANGUAGE_STANDARD = gnu11;
				GCC_NO_COMMON_BLOCKS = YES;
				GCC_WARN_64_TO_32_BIT_CONVERSION = YES;
				GCC_WARN_ABOUT_RETURN_TYPE = YES_ERROR;
				GCC_WARN_UNDECLARED_SELECTOR = YES;
				GCC_WARN_UNINITIALIZED_AUTOS = YES_AGGRESSIVE;
				GCC_WARN_UNUSED_FUNCTION = YES;
				GCC_WARN_UNUSED_VARIABLE = YES;
				IPHONEOS_DEPLOYMENT_TARGET = 14.4;
				MTL_ENABLE_DEBUG_INFO = NO;
				MTL_FAST_MATH = YES;
				SDKROOT = iphoneos;
				SWIFT_COMPILATION_MODE = wholemodule;
				SWIFT_OPTIMIZATION_LEVEL = "-O";
				VALIDATE_PRODUCT = YES;
			};
			name = Release;
		};
		0724A91E2605F19500BEE003 /* Debug */ = {
			isa = XCBuildConfiguration;
			buildSettings = {
				ASSETCATALOG_COMPILER_APPICON_NAME = AppIcon;
				ASSETCATALOG_COMPILER_GLOBAL_ACCENT_COLOR_NAME = AccentColor;
				CODE_SIGN_STYLE = Automatic;
				INFOPLIST_FILE = UserDefaults/Info.plist;
				LD_RUNPATH_SEARCH_PATHS = (
					"$(inherited)",
					"@executable_path/Frameworks",
				);
				PRODUCT_BUNDLE_IDENTIFIER = com.drawRect.UserDefaults;
				PRODUCT_NAME = "$(TARGET_NAME)";
				SWIFT_VERSION = 5.0;
				TARGETED_DEVICE_FAMILY = "1,2";
			};
			name = Debug;
		};
		0724A91F2605F19500BEE003 /* Release */ = {
			isa = XCBuildConfiguration;
			buildSettings = {
				ASSETCATALOG_COMPILER_APPICON_NAME = AppIcon;
				ASSETCATALOG_COMPILER_GLOBAL_ACCENT_COLOR_NAME = AccentColor;
				CODE_SIGN_STYLE = Automatic;
				INFOPLIST_FILE = UserDefaults/Info.plist;
				LD_RUNPATH_SEARCH_PATHS = (
					"$(inherited)",
					"@executable_path/Frameworks",
				);
				PRODUCT_BUNDLE_IDENTIFIER = com.drawRect.UserDefaults;
				PRODUCT_NAME = "$(TARGET_NAME)";
				SWIFT_VERSION = 5.0;
				TARGETED_DEVICE_FAMILY = "1,2";
			};
			name = Release;
		};
		0724A9212605F19500BEE003 /* Debug */ = {
			isa = XCBuildConfiguration;
			buildSettings = {
				ALWAYS_EMBED_SWIFT_STANDARD_LIBRARIES = YES;
				BUNDLE_LOADER = "$(TEST_HOST)";
				CODE_SIGN_STYLE = Automatic;
				INFOPLIST_FILE = UserDefaultsTests/Info.plist;
				IPHONEOS_DEPLOYMENT_TARGET = 14.4;
				LD_RUNPATH_SEARCH_PATHS = (
					"$(inherited)",
					"@executable_path/Frameworks",
					"@loader_path/Frameworks",
				);
				PRODUCT_BUNDLE_IDENTIFIER = com.drawRect.UserDefaultsTests;
				PRODUCT_NAME = "$(TARGET_NAME)";
				SWIFT_VERSION = 5.0;
				TARGETED_DEVICE_FAMILY = "1,2";
				TEST_HOST = "$(BUILT_PRODUCTS_DIR)/UserDefaults.app/UserDefaults";
			};
			name = Debug;
		};
		0724A9222605F19500BEE003 /* Release */ = {
			isa = XCBuildConfiguration;
			buildSettings = {
				ALWAYS_EMBED_SWIFT_STANDARD_LIBRARIES = YES;
				BUNDLE_LOADER = "$(TEST_HOST)";
				CODE_SIGN_STYLE = Automatic;
				INFOPLIST_FILE = UserDefaultsTests/Info.plist;
				IPHONEOS_DEPLOYMENT_TARGET = 14.4;
				LD_RUNPATH_SEARCH_PATHS = (
					"$(inherited)",
					"@executable_path/Frameworks",
					"@loader_path/Frameworks",
				);
				PRODUCT_BUNDLE_IDENTIFIER = com.drawRect.UserDefaultsTests;
				PRODUCT_NAME = "$(TARGET_NAME)";
				SWIFT_VERSION = 5.0;
				TARGETED_DEVICE_FAMILY = "1,2";
				TEST_HOST = "$(BUILT_PRODUCTS_DIR)/UserDefaults.app/UserDefaults";
			};
			name = Release;
		};
		0724A9242605F19500BEE003 /* Debug */ = {
			isa = XCBuildConfiguration;
			buildSettings = {
				ALWAYS_EMBED_SWIFT_STANDARD_LIBRARIES = YES;
				CODE_SIGN_STYLE = Automatic;
				INFOPLIST_FILE = UserDefaultsUITests/Info.plist;
				LD_RUNPATH_SEARCH_PATHS = (
					"$(inherited)",
					"@executable_path/Frameworks",
					"@loader_path/Frameworks",
				);
				PRODUCT_BUNDLE_IDENTIFIER = com.drawRect.UserDefaultsUITests;
				PRODUCT_NAME = "$(TARGET_NAME)";
				SWIFT_VERSION = 5.0;
				TARGETED_DEVICE_FAMILY = "1,2";
				TEST_TARGET_NAME = UserDefaults;
			};
			name = Debug;
		};
		0724A9252605F19500BEE003 /* Release */ = {
			isa = XCBuildConfiguration;
			buildSettings = {
				ALWAYS_EMBED_SWIFT_STANDARD_LIBRARIES = YES;
				CODE_SIGN_STYLE = Automatic;
				INFOPLIST_FILE = UserDefaultsUITests/Info.plist;
				LD_RUNPATH_SEARCH_PATHS = (
					"$(inherited)",
					"@executable_path/Frameworks",
					"@loader_path/Frameworks",
				);
				PRODUCT_BUNDLE_IDENTIFIER = com.drawRect.UserDefaultsUITests;
				PRODUCT_NAME = "$(TARGET_NAME)";
				SWIFT_VERSION = 5.0;
				TARGETED_DEVICE_FAMILY = "1,2";
				TEST_TARGET_NAME = UserDefaults;
			};
			name = Release;
		};
/* End XCBuildConfiguration section */

/* Begin XCConfigurationList section */
		0724A8EE2605F19100BEE003 /* Build configuration list for PBXProject "UserDefaults" */ = {
			isa = XCConfigurationList;
			buildConfigurations = (
				0724A91B2605F19500BEE003 /* Debug */,
				0724A91C2605F19500BEE003 /* Release */,
			);
			defaultConfigurationIsVisible = 0;
			defaultConfigurationName = Release;
		};
		0724A91D2605F19500BEE003 /* Build configuration list for PBXNativeTarget "UserDefaults" */ = {
			isa = XCConfigurationList;
			buildConfigurations = (
				0724A91E2605F19500BEE003 /* Debug */,
				0724A91F2605F19500BEE003 /* Release */,
			);
			defaultConfigurationIsVisible = 0;
			defaultConfigurationName = Release;
		};
		0724A9202605F19500BEE003 /* Build configuration list for PBXNativeTarget "UserDefaultsTests" */ = {
			isa = XCConfigurationList;
			buildConfigurations = (
				0724A9212605F19500BEE003 /* Debug */,
				0724A9222605F19500BEE003 /* Release */,
			);
			defaultConfigurationIsVisible = 0;
			defaultConfigurationName = Release;
		};
		0724A9232605F19500BEE003 /* Build configuration list for PBXNativeTarget "UserDefaultsUITests" */ = {
			isa = XCConfigurationList;
			buildConfigurations = (
				0724A9242605F19500BEE003 /* Debug */,
				0724A9252605F19500BEE003 /* Release */,
			);
			defaultConfigurationIsVisible = 0;
			defaultConfigurationName = Release;
		};
/* End XCConfigurationList section */
	};
	rootObject = 0724A8EB2605F19100BEE003 /* Project object */;
}
