// !$*UTF8*$!
{
	archiveVersion = 1;
	classes = {
	};
	objectVersion = 56;
	objects = {

/* Begin PBXBuildFile section */
		6F090C5529E68180000A205F /* HoverEffectApp.swift in Sources */ = {isa = PBXBuildFile; fileRef = 6F090C5429E68180000A205F /* HoverEffectApp.swift */; };
		6F090C5729E68180000A205F /* HoverEffectExample.swift in Sources */ = {isa = PBXBuildFile; fileRef = 6F090C5629E68180000A205F /* HoverEffectExample.swift */; };
		6F090C5929E68181000A205F /* Assets.xcassets in Resources */ = {isa = PBXBuildFile; fileRef = 6F090C5829E68181000A205F /* Assets.xcassets */; };
		6F090C5C29E68181000A205F /* Preview Assets.xcassets in Resources */ = {isa = PBXBuildFile; fileRef = 6F090C5B29E68181000A205F /* Preview Assets.xcassets */; };
		6F090C6629E68182000A205F /* HoverEffectTests.swift in Sources */ = {isa = PBXBuildFile; fileRef = 6F090C6529E68182000A205F /* HoverEffectTests.swift */; };
		6F090C7029E68182000A205F /* HoverEffectUITests.swift in Sources */ = {isa = PBXBuildFile; fileRef = 6F090C6F29E68182000A205F /* HoverEffectUITests.swift */; };
		6F090C7229E68182000A205F /* HoverEffectUITestsLaunchTests.swift in Sources */ = {isa = PBXBuildFile; fileRef = 6F090C7129E68182000A205F /* HoverEffectUITestsLaunchTests.swift */; };
/* End PBXBuildFile section */

/* Begin PBXContainerItemProxy section */
		6F090C6229E68182000A205F /* PBXContainerItemProxy */ = {
			isa = PBXContainerItemProxy;
			containerPortal = 6F090C4929E6817F000A205F /* Project object */;
			proxyType = 1;
			remoteGlobalIDString = 6F090C5029E68180000A205F;
			remoteInfo = HoverEffect;
		};
		6F090C6C29E68182000A205F /* PBXContainerItemProxy */ = {
			isa = PBXContainerItemProxy;
			containerPortal = 6F090C4929E6817F000A205F /* Project object */;
			proxyType = 1;
			remoteGlobalIDString = 6F090C5029E68180000A205F;
			remoteInfo = HoverEffect;
		};
/* End PBXContainerItemProxy section */

/* Begin PBXFileReference section */
		6F090C5129E68180000A205F /* HoverEffect.app */ = {isa = PBXFileReference; explicitFileType = wrapper.application; includeInIndex = 0; path = HoverEffect.app; sourceTree = BUILT_PRODUCTS_DIR; };
		6F090C5429E68180000A205F /* HoverEffectApp.swift */ = {isa = PBXFileReference; lastKnownFileType = sourcecode.swift; path = HoverEffectApp.swift; sourceTree = "<group>"; };
		6F090C5629E68180000A205F /* HoverEffectExample.swift */ = {isa = PBXFileReference; lastKnownFileType = sourcecode.swift; path = HoverEffectExample.swift; sourceTree = "<group>"; };
		6F090C5829E68181000A205F /* Assets.xcassets */ = {isa = PBXFileReference; lastKnownFileType = folder.assetcatalog; path = Assets.xcassets; sourceTree = "<group>"; };
		6F090C5B29E68181000A205F /* Preview Assets.xcassets */ = {isa = PBXFileReference; lastKnownFileType = folder.assetcatalog; path = "Preview Assets.xcassets"; sourceTree = "<group>"; };
		6F090C6129E68182000A205F /* HoverEffectTests.xctest */ = {isa = PBXFileReference; explicitFileType = wrapper.cfbundle; includeInIndex = 0; path = HoverEffectTests.xctest; sourceTree = BUILT_PRODUCTS_DIR; };
		6F090C6529E68182000A205F /* HoverEffectTests.swift */ = {isa = PBXFileReference; lastKnownFileType = sourcecode.swift; path = HoverEffectTests.swift; sourceTree = "<group>"; };
		6F090C6B29E68182000A205F /* HoverEffectUITests.xctest */ = {isa = PBXFileReference; explicitFileType = wrapper.cfbundle; includeInIndex = 0; path = HoverEffectUITests.xctest; sourceTree = BUILT_PRODUCTS_DIR; };
		6F090C6F29E68182000A205F /* HoverEffectUITests.swift */ = {isa = PBXFileReference; lastKnownFileType = sourcecode.swift; path = HoverEffectUITests.swift; sourceTree = "<group>"; };
		6F090C7129E68182000A205F /* HoverEffectUITestsLaunchTests.swift */ = {isa = PBXFileReference; lastKnownFileType = sourcecode.swift; path = HoverEffectUITestsLaunchTests.swift; sourceTree = "<group>"; };
/* End PBXFileReference section */

/* Begin PBXFrameworksBuildPhase section */
		6F090C4E29E68180000A205F /* Frameworks */ = {
			isa = PBXFrameworksBuildPhase;
			buildActionMask = 2147483647;
			files = (
			);
			runOnlyForDeploymentPostprocessing = 0;
		};
		6F090C5E29E68182000A205F /* Frameworks */ = {
			isa = PBXFrameworksBuildPhase;
			buildActionMask = 2147483647;
			files = (
			);
			runOnlyForDeploymentPostprocessing = 0;
		};
		6F090C6829E68182000A205F /* Frameworks */ = {
			isa = PBXFrameworksBuildPhase;
			buildActionMask = 2147483647;
			files = (
			);
			runOnlyForDeploymentPostprocessing = 0;
		};
/* End PBXFrameworksBuildPhase section */

/* Begin PBXGroup section */
		6F090C4829E6817F000A205F = {
			isa = PBXGroup;
			children = (
				6F090C5329E68180000A205F /* HoverEffect */,
				6F090C6429E68182000A205F /* HoverEffectTests */,
				6F090C6E29E68182000A205F /* HoverEffectUITests */,
				6F090C5229E68180000A205F /* Products */,
			);
			sourceTree = "<group>";
		};
		6F090C5229E68180000A205F /* Products */ = {
			isa = PBXGroup;
			children = (
				6F090C5129E68180000A205F /* HoverEffect.app */,
				6F090C6129E68182000A205F /* HoverEffectTests.xctest */,
				6F090C6B29E68182000A205F /* HoverEffectUITests.xctest */,
			);
			name = Products;
			sourceTree = "<group>";
		};
		6F090C5329E68180000A205F /* HoverEffect */ = {
			isa = PBXGroup;
			children = (
				6F090C5429E68180000A205F /* HoverEffectApp.swift */,
				6F090C5629E68180000A205F /* HoverEffectExample.swift */,
				6F090C5829E68181000A205F /* Assets.xcassets */,
				6F090C5A29E68181000A205F /* Preview Content */,
			);
			path = HoverEffect;
			sourceTree = "<group>";
		};
		6F090C5A29E68181000A205F /* Preview Content */ = {
			isa = PBXGroup;
			children = (
				6F090C5B29E68181000A205F /* Preview Assets.xcassets */,
			);
			path = "Preview Content";
			sourceTree = "<group>";
		};
		6F090C6429E68182000A205F /* HoverEffectTests */ = {
			isa = PBXGroup;
			children = (
				6F090C6529E68182000A205F /* HoverEffectTests.swift */,
			);
			path = HoverEffectTests;
			sourceTree = "<group>";
		};
		6F090C6E29E68182000A205F /* HoverEffectUITests */ = {
			isa = PBXGroup;
			children = (
				6F090C6F29E68182000A205F /* HoverEffectUITests.swift */,
				6F090C7129E68182000A205F /* HoverEffectUITestsLaunchTests.swift */,
			);
			path = HoverEffectUITests;
			sourceTree = "<group>";
		};
/* End PBXGroup section */

/* Begin PBXNativeTarget section */
		6F090C5029E68180000A205F /* HoverEffect */ = {
			isa = PBXNativeTarget;
			buildConfigurationList = 6F090C7529E68182000A205F /* Build configuration list for PBXNativeTarget "HoverEffect" */;
			buildPhases = (
				6F090C4D29E68180000A205F /* Sources */,
				6F090C4E29E68180000A205F /* Frameworks */,
				6F090C4F29E68180000A205F /* Resources */,
			);
			buildRules = (
			);
			dependencies = (
			);
			name = HoverEffect;
			productName = HoverEffect;
			productReference = 6F090C5129E68180000A205F /* HoverEffect.app */;
			productType = "com.apple.product-type.application";
		};
		6F090C6029E68182000A205F /* HoverEffectTests */ = {
			isa = PBXNativeTarget;
			buildConfigurationList = 6F090C7829E68182000A205F /* Build configuration list for PBXNativeTarget "HoverEffectTests" */;
			buildPhases = (
				6F090C5D29E68182000A205F /* Sources */,
				6F090C5E29E68182000A205F /* Frameworks */,
				6F090C5F29E68182000A205F /* Resources */,
			);
			buildRules = (
			);
			dependencies = (
				6F090C6329E68182000A205F /* PBXTargetDependency */,
			);
			name = HoverEffectTests;
			productName = HoverEffectTests;
			productReference = 6F090C6129E68182000A205F /* HoverEffectTests.xctest */;
			productType = "com.apple.product-type.bundle.unit-test";
		};
		6F090C6A29E68182000A205F /* HoverEffectUITests */ = {
			isa = PBXNativeTarget;
			buildConfigurationList = 6F090C7B29E68182000A205F /* Build configuration list for PBXNativeTarget "HoverEffectUITests" */;
			buildPhases = (
				6F090C6729E68182000A205F /* Sources */,
				6F090C6829E68182000A205F /* Frameworks */,
				6F090C6929E68182000A205F /* Resources */,
			);
			buildRules = (
			);
			dependencies = (
				6F090C6D29E68182000A205F /* PBXTargetDependency */,
			);
			name = HoverEffectUITests;
			productName = HoverEffectUITests;
			productReference = 6F090C6B29E68182000A205F /* HoverEffectUITests.xctest */;
			productType = "com.apple.product-type.bundle.ui-testing";
		};
/* End PBXNativeTarget section */

/* Begin PBXProject section */
		6F090C4929E6817F000A205F /* Project object */ = {
			isa = PBXProject;
			attributes = {
				BuildIndependentTargetsInParallel = 1;
				LastSwiftUpdateCheck = 1430;
				LastUpgradeCheck = 1430;
				TargetAttributes = {
					6F090C5029E68180000A205F = {
						CreatedOnToolsVersion = 14.3;
					};
					6F090C6029E68182000A205F = {
						CreatedOnToolsVersion = 14.3;
						TestTargetID = 6F090C5029E68180000A205F;
					};
					6F090C6A29E68182000A205F = {
						CreatedOnToolsVersion = 14.3;
						TestTargetID = 6F090C5029E68180000A205F;
					};
				};
			};
			buildConfigurationList = 6F090C4C29E6817F000A205F /* Build configuration list for PBXProject "HoverEffect" */;
			compatibilityVersion = "Xcode 14.0";
			developmentRegion = en;
			hasScannedForEncodings = 0;
			knownRegions = (
				en,
				Base,
			);
			mainGroup = 6F090C4829E6817F000A205F;
			productRefGroup = 6F090C5229E68180000A205F /* Products */;
			projectDirPath = "";
			projectRoot = "";
			targets = (
				6F090C5029E68180000A205F /* HoverEffect */,
				6F090C6029E68182000A205F /* HoverEffectTests */,
				6F090C6A29E68182000A205F /* HoverEffectUITests */,
			);
		};
/* End PBXProject section */

/* Begin PBXResourcesBuildPhase section */
		6F090C4F29E68180000A205F /* Resources */ = {
			isa = PBXResourcesBuildPhase;
			buildActionMask = 2147483647;
			files = (
				6F090C5C29E68181000A205F /* Preview Assets.xcassets in Resources */,
				6F090C5929E68181000A205F /* Assets.xcassets in Resources */,
			);
			runOnlyForDeploymentPostprocessing = 0;
		};
		6F090C5F29E68182000A205F /* Resources */ = {
			isa = PBXResourcesBuildPhase;
			buildActionMask = 2147483647;
			files = (
			);
			runOnlyForDeploymentPostprocessing = 0;
		};
		6F090C6929E68182000A205F /* Resources */ = {
			isa = PBXResourcesBuildPhase;
			buildActionMask = 2147483647;
			files = (
			);
			runOnlyForDeploymentPostprocessing = 0;
		};
/* End PBXResourcesBuildPhase section */

/* Begin PBXSourcesBuildPhase section */
		6F090C4D29E68180000A205F /* Sources */ = {
			isa = PBXSourcesBuildPhase;
			buildActionMask = 2147483647;
			files = (
				6F090C5729E68180000A205F /* HoverEffectExample.swift in Sources */,
				6F090C5529E68180000A205F /* HoverEffectApp.swift in Sources */,
			);
			runOnlyForDeploymentPostprocessing = 0;
		};
		6F090C5D29E68182000A205F /* Sources */ = {
			isa = PBXSourcesBuildPhase;
			buildActionMask = 2147483647;
			files = (
				6F090C6629E68182000A205F /* HoverEffectTests.swift in Sources */,
			);
			runOnlyForDeploymentPostprocessing = 0;
		};
		6F090C6729E68182000A205F /* Sources */ = {
			isa = PBXSourcesBuildPhase;
			buildActionMask = 2147483647;
			files = (
				6F090C7229E68182000A205F /* HoverEffectUITestsLaunchTests.swift in Sources */,
				6F090C7029E68182000A205F /* HoverEffectUITests.swift in Sources */,
			);
			runOnlyForDeploymentPostprocessing = 0;
		};
/* End PBXSourcesBuildPhase section */

/* Begin PBXTargetDependency section */
		6F090C6329E68182000A205F /* PBXTargetDependency */ = {
			isa = PBXTargetDependency;
			target = 6F090C5029E68180000A205F /* HoverEffect */;
			targetProxy = 6F090C6229E68182000A205F /* PBXContainerItemProxy */;
		};
		6F090C6D29E68182000A205F /* PBXTargetDependency */ = {
			isa = PBXTargetDependency;
			target = 6F090C5029E68180000A205F /* HoverEffect */;
			targetProxy = 6F090C6C29E68182000A205F /* PBXContainerItemProxy */;
		};
/* End PBXTargetDependency section */

/* Begin XCBuildConfiguration section */
		6F090C7329E68182000A205F /* Debug */ = {
			isa = XCBuildConfiguration;
			buildSettings = {
				ALWAYS_SEARCH_USER_PATHS = NO;
				CLANG_ANALYZER_NONNULL = YES;
				CLANG_ANALYZER_NUMBER_OBJECT_CONVERSION = YES_AGGRESSIVE;
				CLANG_CXX_LANGUAGE_STANDARD = "gnu++20";
				CLANG_ENABLE_MODULES = YES;
				CLANG_ENABLE_OBJC_ARC = YES;
				CLANG_ENABLE_OBJC_WEAK = YES;
				CLANG_WARN_BLOCK_CAPTURE_AUTORELEASING = YES;
				CLANG_WARN_BOOL_CONVERSION = YES;
				CLANG_WARN_COMMA = YES;
				CLANG_WARN_CONSTANT_CONVERSION = YES;
				CLANG_WARN_DEPRECATED_OBJC_IMPLEMENTATIONS = YES;
				CLANG_WARN_DIRECT_OBJC_ISA_USAGE = YES_ERROR;
				CLANG_WARN_DOCUMENTATION_COMMENTS = YES;
				CLANG_WARN_EMPTY_BODY = YES;
				CLANG_WARN_ENUM_CONVERSION = YES;
				CLANG_WARN_INFINITE_RECURSION = YES;
				CLANG_WARN_INT_CONVERSION = YES;
				CLANG_WARN_NON_LITERAL_NULL_CONVERSION = YES;
				CLANG_WARN_OBJC_IMPLICIT_RETAIN_SELF = YES;
				CLANG_WARN_OBJC_LITERAL_CONVERSION = YES;
				CLANG_WARN_OBJC_ROOT_CLASS = YES_ERROR;
				CLANG_WARN_QUOTED_INCLUDE_IN_FRAMEWORK_HEADER = YES;
				CLANG_WARN_RANGE_LOOP_ANALYSIS = YES;
				CLANG_WARN_STRICT_PROTOTYPES = YES;
				CLANG_WARN_SUSPICIOUS_MOVE = YES;
				CLANG_WARN_UNGUARDED_AVAILABILITY = YES_AGGRESSIVE;
				CLANG_WARN_UNREACHABLE_CODE = YES;
				CLANG_WARN__DUPLICATE_METHOD_MATCH = YES;
				COPY_PHASE_STRIP = NO;
				DEBUG_INFORMATION_FORMAT = dwarf;
				ENABLE_STRICT_OBJC_MSGSEND = YES;
				ENABLE_TESTABILITY = YES;
				GCC_C_LANGUAGE_STANDARD = gnu11;
				GCC_DYNAMIC_NO_PIC = NO;
				GCC_NO_COMMON_BLOCKS = YES;
				GCC_OPTIMIZATION_LEVEL = 0;
				GCC_PREPROCESSOR_DEFINITIONS = (
					"DEBUG=1",
					"$(inherited)",
				);
				GCC_WARN_64_TO_32_BIT_CONVERSION = YES;
				GCC_WARN_ABOUT_RETURN_TYPE = YES_ERROR;
				GCC_WARN_UNDECLARED_SELECTOR = YES;
				GCC_WARN_UNINITIALIZED_AUTOS = YES_AGGRESSIVE;
				GCC_WARN_UNUSED_FUNCTION = YES;
				GCC_WARN_UNUSED_VARIABLE = YES;
				IPHONEOS_DEPLOYMENT_TARGET = 16.4;
				MTL_ENABLE_DEBUG_INFO = INCLUDE_SOURCE;
				MTL_FAST_MATH = YES;
				ONLY_ACTIVE_ARCH = YES;
				SDKROOT = iphoneos;
				SWIFT_ACTIVE_COMPILATION_CONDITIONS = DEBUG;
				SWIFT_OPTIMIZATION_LEVEL = "-Onone";
			};
			name = Debug;
		};
		6F090C7429E68182000A205F /* Release */ = {
			isa = XCBuildConfiguration;
			buildSettings = {
				ALWAYS_SEARCH_USER_PATHS = NO;
				CLANG_ANALYZER_NONNULL = YES;
				CLANG_ANALYZER_NUMBER_OBJECT_CONVERSION = YES_AGGRESSIVE;
				CLANG_CXX_LANGUAGE_STANDARD = "gnu++20";
				CLANG_ENABLE_MODULES = YES;
				CLANG_ENABLE_OBJC_ARC = YES;
				CLANG_ENABLE_OBJC_WEAK = YES;
				CLANG_WARN_BLOCK_CAPTURE_AUTORELEASING = YES;
				CLANG_WARN_BOOL_CONVERSION = YES;
				CLANG_WARN_COMMA = YES;
				CLANG_WARN_CONSTANT_CONVERSION = YES;
				CLANG_WARN_DEPRECATED_OBJC_IMPLEMENTATIONS = YES;
				CLANG_WARN_DIRECT_OBJC_ISA_USAGE = YES_ERROR;
				CLANG_WARN_DOCUMENTATION_COMMENTS = YES;
				CLANG_WARN_EMPTY_BODY = YES;
				CLANG_WARN_ENUM_CONVERSION = YES;
				CLANG_WARN_INFINITE_RECURSION = YES;
				CLANG_WARN_INT_CONVERSION = YES;
				CLANG_WARN_NON_LITERAL_NULL_CONVERSION = YES;
				CLANG_WARN_OBJC_IMPLICIT_RETAIN_SELF = YES;
				CLANG_WARN_OBJC_LITERAL_CONVERSION = YES;
				CLANG_WARN_OBJC_ROOT_CLASS = YES_ERROR;
				CLANG_WARN_QUOTED_INCLUDE_IN_FRAMEWORK_HEADER = YES;
				CLANG_WARN_RANGE_LOOP_ANALYSIS = YES;
				CLANG_WARN_STRICT_PROTOTYPES = YES;
				CLANG_WARN_SUSPICIOUS_MOVE = YES;
				CLANG_WARN_UNGUARDED_AVAILABILITY = YES_AGGRESSIVE;
				CLANG_WARN_UNREACHABLE_CODE = YES;
				CLANG_WARN__DUPLICATE_METHOD_MATCH = YES;
				COPY_PHASE_STRIP = NO;
				DEBUG_INFORMATION_FORMAT = "dwarf-with-dsym";
				ENABLE_NS_ASSERTIONS = NO;
				ENABLE_STRICT_OBJC_MSGSEND = YES;
				GCC_C_LANGUAGE_STANDARD = gnu11;
				GCC_NO_COMMON_BLOCKS = YES;
				GCC_WARN_64_TO_32_BIT_CONVERSION = YES;
				GCC_WARN_ABOUT_RETURN_TYPE = YES_ERROR;
				GCC_WARN_UNDECLARED_SELECTOR = YES;
				GCC_WARN_UNINITIALIZED_AUTOS = YES_AGGRESSIVE;
				GCC_WARN_UNUSED_FUNCTION = YES;
				GCC_WARN_UNUSED_VARIABLE = YES;
				IPHONEOS_DEPLOYMENT_TARGET = 16.4;
				MTL_ENABLE_DEBUG_INFO = NO;
				MTL_FAST_MATH = YES;
				SDKROOT = iphoneos;
				SWIFT_COMPILATION_MODE = wholemodule;
				SWIFT_OPTIMIZATION_LEVEL = "-O";
				VALIDATE_PRODUCT = YES;
			};
			name = Release;
		};
		6F090C7629E68182000A205F /* Debug */ = {
			isa = XCBuildConfiguration;
			buildSettings = {
				ASSETCATALOG_COMPILER_APPICON_NAME = AppIcon;
				ASSETCATALOG_COMPILER_GLOBAL_ACCENT_COLOR_NAME = AccentColor;
				CODE_SIGN_STYLE = Automatic;
				CURRENT_PROJECT_VERSION = 1;
				DEVELOPMENT_ASSET_PATHS = "\"HoverEffect/Preview Content\"";
				DEVELOPMENT_TEAM = 35P9S7STBV;
				ENABLE_PREVIEWS = YES;
				GENERATE_INFOPLIST_FILE = YES;
				INFOPLIST_KEY_UIApplicationSceneManifest_Generation = YES;
				INFOPLIST_KEY_UIApplicationSupportsIndirectInputEvents = YES;
				INFOPLIST_KEY_UILaunchScreen_Generation = YES;
				INFOPLIST_KEY_UISupportedInterfaceOrientations_iPad = "UIInterfaceOrientationPortrait UIInterfaceOrientationPortraitUpsideDown UIInterfaceOrientationLandscapeLeft UIInterfaceOrientationLandscapeRight";
				INFOPLIST_KEY_UISupportedInterfaceOrientations_iPhone = "UIInterfaceOrientationPortrait UIInterfaceOrientationLandscapeLeft UIInterfaceOrientationLandscapeRight";
				LD_RUNPATH_SEARCH_PATHS = (
					"$(inherited)",
					"@executable_path/Frameworks",
				);
				MARKETING_VERSION = 1.0;
				PRODUCT_BUNDLE_IDENTIFIER = com.DrawRect.HoverEffect;
				PRODUCT_NAME = "$(TARGET_NAME)";
				SWIFT_EMIT_LOC_STRINGS = YES;
				SWIFT_VERSION = 5.0;
				TARGETED_DEVICE_FAMILY = "1,2";
			};
			name = Debug;
		};
		6F090C7729E68182000A205F /* Release */ = {
			isa = XCBuildConfiguration;
			buildSettings = {
				ASSETCATALOG_COMPILER_APPICON_NAME = AppIcon;
				ASSETCATALOG_COMPILER_GLOBAL_ACCENT_COLOR_NAME = AccentColor;
				CODE_SIGN_STYLE = Automatic;
				CURRENT_PROJECT_VERSION = 1;
				DEVELOPMENT_ASSET_PATHS = "\"HoverEffect/Preview Content\"";
				DEVELOPMENT_TEAM = 35P9S7STBV;
				ENABLE_PREVIEWS = YES;
				GENERATE_INFOPLIST_FILE = YES;
				INFOPLIST_KEY_UIApplicationSceneManifest_Generation = YES;
				INFOPLIST_KEY_UIApplicationSupportsIndirectInputEvents = YES;
				INFOPLIST_KEY_UILaunchScreen_Generation = YES;
				INFOPLIST_KEY_UISupportedInterfaceOrientations_iPad = "UIInterfaceOrientationPortrait UIInterfaceOrientationPortraitUpsideDown UIInterfaceOrientationLandscapeLeft UIInterfaceOrientationLandscapeRight";
				INFOPLIST_KEY_UISupportedInterfaceOrientations_iPhone = "UIInterfaceOrientationPortrait UIInterfaceOrientationLandscapeLeft UIInterfaceOrientationLandscapeRight";
				LD_RUNPATH_SEARCH_PATHS = (
					"$(inherited)",
					"@executable_path/Frameworks",
				);
				MARKETING_VERSION = 1.0;
				PRODUCT_BUNDLE_IDENTIFIER = com.DrawRect.HoverEffect;
				PRODUCT_NAME = "$(TARGET_NAME)";
				SWIFT_EMIT_LOC_STRINGS = YES;
				SWIFT_VERSION = 5.0;
				TARGETED_DEVICE_FAMILY = "1,2";
			};
			name = Release;
		};
		6F090C7929E68182000A205F /* Debug */ = {
			isa = XCBuildConfiguration;
			buildSettings = {
				ALWAYS_EMBED_SWIFT_STANDARD_LIBRARIES = YES;
				BUNDLE_LOADER = "$(TEST_HOST)";
				CODE_SIGN_STYLE = Automatic;
				CURRENT_PROJECT_VERSION = 1;
				DEVELOPMENT_TEAM = 35P9S7STBV;
				GENERATE_INFOPLIST_FILE = YES;
				IPHONEOS_DEPLOYMENT_TARGET = 16.4;
				MARKETING_VERSION = 1.0;
				PRODUCT_BUNDLE_IDENTIFIER = com.DrawRect.HoverEffectTests;
				PRODUCT_NAME = "$(TARGET_NAME)";
				SWIFT_EMIT_LOC_STRINGS = NO;
				SWIFT_VERSION = 5.0;
				TARGETED_DEVICE_FAMILY = "1,2";
				TEST_HOST = "$(BUILT_PRODUCTS_DIR)/HoverEffect.app/$(BUNDLE_EXECUTABLE_FOLDER_PATH)/HoverEffect";
			};
			name = Debug;
		};
		6F090C7A29E68182000A205F /* Release */ = {
			isa = XCBuildConfiguration;
			buildSettings = {
				ALWAYS_EMBED_SWIFT_STANDARD_LIBRARIES = YES;
				BUNDLE_LOADER = "$(TEST_HOST)";
				CODE_SIGN_STYLE = Automatic;
				CURRENT_PROJECT_VERSION = 1;
				DEVELOPMENT_TEAM = 35P9S7STBV;
				GENERATE_INFOPLIST_FILE = YES;
				IPHONEOS_DEPLOYMENT_TARGET = 16.4;
				MARKETING_VERSION = 1.0;
				PRODUCT_BUNDLE_IDENTIFIER = com.DrawRect.HoverEffectTests;
				PRODUCT_NAME = "$(TARGET_NAME)";
				SWIFT_EMIT_LOC_STRINGS = NO;
				SWIFT_VERSION = 5.0;
				TARGETED_DEVICE_FAMILY = "1,2";
				TEST_HOST = "$(BUILT_PRODUCTS_DIR)/HoverEffect.app/$(BUNDLE_EXECUTABLE_FOLDER_PATH)/HoverEffect";
			};
			name = Release;
		};
		6F090C7C29E68182000A205F /* Debug */ = {
			isa = XCBuildConfiguration;
			buildSettings = {
				ALWAYS_EMBED_SWIFT_STANDARD_LIBRARIES = YES;
				CODE_SIGN_STYLE = Automatic;
				CURRENT_PROJECT_VERSION = 1;
				DEVELOPMENT_TEAM = 35P9S7STBV;
				GENERATE_INFOPLIST_FILE = YES;
				MARKETING_VERSION = 1.0;
				PRODUCT_BUNDLE_IDENTIFIER = com.DrawRect.HoverEffectUITests;
				PRODUCT_NAME = "$(TARGET_NAME)";
				SWIFT_EMIT_LOC_STRINGS = NO;
				SWIFT_VERSION = 5.0;
				TARGETED_DEVICE_FAMILY = "1,2";
				TEST_TARGET_NAME = HoverEffect;
			};
			name = Debug;
		};
		6F090C7D29E68182000A205F /* Release */ = {
			isa = XCBuildConfiguration;
			buildSettings = {
				ALWAYS_EMBED_SWIFT_STANDARD_LIBRARIES = YES;
				CODE_SIGN_STYLE = Automatic;
				CURRENT_PROJECT_VERSION = 1;
				DEVELOPMENT_TEAM = 35P9S7STBV;
				GENERATE_INFOPLIST_FILE = YES;
				MARKETING_VERSION = 1.0;
				PRODUCT_BUNDLE_IDENTIFIER = com.DrawRect.HoverEffectUITests;
				PRODUCT_NAME = "$(TARGET_NAME)";
				SWIFT_EMIT_LOC_STRINGS = NO;
				SWIFT_VERSION = 5.0;
				TARGETED_DEVICE_FAMILY = "1,2";
				TEST_TARGET_NAME = HoverEffect;
			};
			name = Release;
		};
/* End XCBuildConfiguration section */

/* Begin XCConfigurationList section */
		6F090C4C29E6817F000A205F /* Build configuration list for PBXProject "HoverEffect" */ = {
			isa = XCConfigurationList;
			buildConfigurations = (
				6F090C7329E68182000A205F /* Debug */,
				6F090C7429E68182000A205F /* Release */,
			);
			defaultConfigurationIsVisible = 0;
			defaultConfigurationName = Release;
		};
		6F090C7529E68182000A205F /* Build configuration list for PBXNativeTarget "HoverEffect" */ = {
			isa = XCConfigurationList;
			buildConfigurations = (
				6F090C7629E68182000A205F /* Debug */,
				6F090C7729E68182000A205F /* Release */,
			);
			defaultConfigurationIsVisible = 0;
			defaultConfigurationName = Release;
		};
		6F090C7829E68182000A205F /* Build configuration list for PBXNativeTarget "HoverEffectTests" */ = {
			isa = XCConfigurationList;
			buildConfigurations = (
				6F090C7929E68182000A205F /* Debug */,
				6F090C7A29E68182000A205F /* Release */,
			);
			defaultConfigurationIsVisible = 0;
			defaultConfigurationName = Release;
		};
		6F090C7B29E68182000A205F /* Build configuration list for PBXNativeTarget "HoverEffectUITests" */ = {
			isa = XCConfigurationList;
			buildConfigurations = (
				6F090C7C29E68182000A205F /* Debug */,
				6F090C7D29E68182000A205F /* Release */,
			);
			defaultConfigurationIsVisible = 0;
			defaultConfigurationName = Release;
		};
/* End XCConfigurationList section */
	};
	rootObject = 6F090C4929E6817F000A205F /* Project object */;
}
